// !$*UTF8*$!
{
	archiveVersion = 1;
	classes = {
	};
	objectVersion = 55;
	objects = {

/* Begin PBXBuildFile section */
		4A4719F02A37138B00812B29 /* ToastMessage.swift in Sources */ = {isa = PBXBuildFile; fileRef = 4A4719EF2A37138B00812B29 /* ToastMessage.swift */; };
		4A8D376F2A66D338002D63FF /* logo.json in Resources */ = {isa = PBXBuildFile; fileRef = 4A8D376E2A66D338002D63FF /* logo.json */; };
		4AEBC3D12A4A91A1004E6EA5 /* PaddingLabel.swift in Sources */ = {isa = PBXBuildFile; fileRef = 4AEBC3D02A4A91A1004E6EA5 /* PaddingLabel.swift */; };
		6675A5AFDDE51E6D2EA8220F /* Pods_PromiseTests.framework in Frameworks */ = {isa = PBXBuildFile; fileRef = E46B9D17C8AC616391C471C9 /* Pods_PromiseTests.framework */; };
		7FFF9ABCE5C706FC51D3B2B9 /* Pods_Promise_PromiseUITests.framework in Frameworks */ = {isa = PBXBuildFile; fileRef = BAFA329588C2ED9E3C2DC671 /* Pods_Promise_PromiseUITests.framework */; };
		A3EC68EF17FE9D66AE58961C /* Pods_Promise.framework in Frameworks */ = {isa = PBXBuildFile; fileRef = A909466D7EC73DBADB1D2CD4 /* Pods_Promise.framework */; };
		FA0A29672A66F6D0004F44A5 /* CommonFloatingContentVC.swift in Sources */ = {isa = PBXBuildFile; fileRef = FA0A29662A66F6D0004F44A5 /* CommonFloatingContentVC.swift */; };
		FA0A29692A66F6E7004F44A5 /* CommonFloatingContainerVC.swift in Sources */ = {isa = PBXBuildFile; fileRef = FA0A29682A66F6E7004F44A5 /* CommonFloatingContainerVC.swift */; };
		FA820AA02A82791F00AD571C /* UIViewController.swift in Sources */ = {isa = PBXBuildFile; fileRef = FA820A9F2A82791E00AD571C /* UIViewController.swift */; };
		FA9C230A2A72BE0A007573A6 /* PopupVC.swift in Sources */ = {isa = PBXBuildFile; fileRef = FA9C23092A72BE0A007573A6 /* PopupVC.swift */; };
		FAD2BFBE2A6AF359009E6461 /* UIColorHelper.swift in Sources */ = {isa = PBXBuildFile; fileRef = FAD2BFBD2A6AF359009E6461 /* UIColorHelper.swift */; };
		FAD2BFCA2A6AF661009E6461 /* Pretendard-ExtraLight.otf in Resources */ = {isa = PBXBuildFile; fileRef = FAD2BFC12A6AF660009E6461 /* Pretendard-ExtraLight.otf */; };
		FAD2BFCB2A6AF661009E6461 /* Pretendard-Bold.otf in Resources */ = {isa = PBXBuildFile; fileRef = FAD2BFC22A6AF661009E6461 /* Pretendard-Bold.otf */; };
		FAD2BFCC2A6AF661009E6461 /* Pretendard-Light.otf in Resources */ = {isa = PBXBuildFile; fileRef = FAD2BFC32A6AF661009E6461 /* Pretendard-Light.otf */; };
		FAD2BFCD2A6AF661009E6461 /* Pretendard-Thin.otf in Resources */ = {isa = PBXBuildFile; fileRef = FAD2BFC42A6AF661009E6461 /* Pretendard-Thin.otf */; };
		FAD2BFCE2A6AF661009E6461 /* Pretendard-ExtraBold.otf in Resources */ = {isa = PBXBuildFile; fileRef = FAD2BFC52A6AF661009E6461 /* Pretendard-ExtraBold.otf */; };
		FAD2BFCF2A6AF661009E6461 /* Pretendard-Medium.otf in Resources */ = {isa = PBXBuildFile; fileRef = FAD2BFC62A6AF661009E6461 /* Pretendard-Medium.otf */; };
		FAD2BFD02A6AF661009E6461 /* Pretendard-Regular.otf in Resources */ = {isa = PBXBuildFile; fileRef = FAD2BFC72A6AF661009E6461 /* Pretendard-Regular.otf */; };
		FAD2BFD12A6AF661009E6461 /* Pretendard-SemiBold.otf in Resources */ = {isa = PBXBuildFile; fileRef = FAD2BFC82A6AF661009E6461 /* Pretendard-SemiBold.otf */; };
		FAD2BFD22A6AF661009E6461 /* Pretendard-Black.otf in Resources */ = {isa = PBXBuildFile; fileRef = FAD2BFC92A6AF661009E6461 /* Pretendard-Black.otf */; };
		FAD2BFD42A6AF8B9009E6461 /* FontHelper.swift in Sources */ = {isa = PBXBuildFile; fileRef = FAD2BFD32A6AF8B9009E6461 /* FontHelper.swift */; };
		FAD2BFD72A6C2692009E6461 /* Button.swift in Sources */ = {isa = PBXBuildFile; fileRef = FAD2BFD62A6C2692009E6461 /* Button.swift */; };
		FAE2E0252A26385A002D8869 /* BaseButton.swift in Sources */ = {isa = PBXBuildFile; fileRef = FAE2E0242A26385A002D8869 /* BaseButton.swift */; };
		FC0E4CA02A78088C00F9CA1C /* UIImage.swift in Sources */ = {isa = PBXBuildFile; fileRef = FC0E4C9F2A78088C00F9CA1C /* UIImage.swift */; };
		FC41B25E2A781E6500C1C592 /* Task.swift in Sources */ = {isa = PBXBuildFile; fileRef = FC41B25D2A781E6500C1C592 /* Task.swift */; };
		FC41B2602A781E8700C1C592 /* LaunchVC.swift in Sources */ = {isa = PBXBuildFile; fileRef = FC41B25F2A781E8700C1C592 /* LaunchVC.swift */; };
		FC41B2652A78231500C1C592 /* Fonts.swift in Sources */ = {isa = PBXBuildFile; fileRef = FC41B2642A78231500C1C592 /* Fonts.swift */; };
		FC41B2682A78239A00C1C592 /* Lotties.swift in Sources */ = {isa = PBXBuildFile; fileRef = FC41B2672A78239A00C1C592 /* Lotties.swift */; };
		FC41B2722A782A2900C1C592 /* XCImages.xcassets in Resources */ = {isa = PBXBuildFile; fileRef = FC5974122A24D38800A642D7 /* XCImages.xcassets */; };
		FC4A7A972A616F060055FE4F /* Onboarding.swift in Sources */ = {isa = PBXBuildFile; fileRef = FC4A7A962A616F060055FE4F /* Onboarding.swift */; };
		FC4A7AB92A6448790055FE4F /* GoogleSignIn in Frameworks */ = {isa = PBXBuildFile; productRef = FC4A7AB82A6448790055FE4F /* GoogleSignIn */; };
		FC516E032A6D108400709F1E /* JWTDecode in Frameworks */ = {isa = PBXBuildFile; productRef = FC516E022A6D108400709F1E /* JWTDecode */; };
		FC59032B2A76A76A00778305 /* swiftgen.yml in Resources */ = {isa = PBXBuildFile; fileRef = FC5903282A76A76A00778305 /* swiftgen.yml */; };
		FC59032C2A76A76A00778305 /* openapi-generator-config.yml in Resources */ = {isa = PBXBuildFile; fileRef = FC5903292A76A76A00778305 /* openapi-generator-config.yml */; };
		FC59032D2A76A76A00778305 /* openapi.json in Resources */ = {isa = PBXBuildFile; fileRef = FC59032A2A76A76A00778305 /* openapi.json */; };
		FC59033E2A76BA1400778305 /* XCImages.swift in Sources */ = {isa = PBXBuildFile; fileRef = FC59033C2A76BA1400778305 /* XCImages.swift */; };
		FC59033F2A76BA1400778305 /* Strings.swift in Sources */ = {isa = PBXBuildFile; fileRef = FC59033D2A76BA1400778305 /* Strings.swift */; };
		FC5903492A76BE2900778305 /* String.swift in Sources */ = {isa = PBXBuildFile; fileRef = FC5903482A76BE2900778305 /* String.swift */; };
		FC59034F2A76D08300778305 /* Localizable.strings in Resources */ = {isa = PBXBuildFile; fileRef = FC59034D2A76D08300778305 /* Localizable.strings */; };
		FC59740A2A24D38700A642D7 /* AppDelegate.swift in Sources */ = {isa = PBXBuildFile; fileRef = FC5974092A24D38700A642D7 /* AppDelegate.swift */; };
		FC59740C2A24D38700A642D7 /* SceneDelegate.swift in Sources */ = {isa = PBXBuildFile; fileRef = FC59740B2A24D38700A642D7 /* SceneDelegate.swift */; };
		FC59740E2A24D38700A642D7 /* MainVC.swift in Sources */ = {isa = PBXBuildFile; fileRef = FC59740D2A24D38700A642D7 /* MainVC.swift */; };
		FC5974212A24D38800A642D7 /* PromiseTests.swift in Sources */ = {isa = PBXBuildFile; fileRef = FC5974202A24D38800A642D7 /* PromiseTests.swift */; };
		FC59742B2A24D38800A642D7 /* PromiseUITests.swift in Sources */ = {isa = PBXBuildFile; fileRef = FC59742A2A24D38800A642D7 /* PromiseUITests.swift */; };
		FC59742D2A24D38800A642D7 /* PromiseUITestsLaunchTests.swift in Sources */ = {isa = PBXBuildFile; fileRef = FC59742C2A24D38800A642D7 /* PromiseUITestsLaunchTests.swift */; };
		FC59743B2A24D57600A642D7 /* SignInVM.swift in Sources */ = {isa = PBXBuildFile; fileRef = FC59743A2A24D57600A642D7 /* SignInVM.swift */; };
		FC59743E2A24D59A00A642D7 /* UserMDL.swift in Sources */ = {isa = PBXBuildFile; fileRef = FC59743D2A24D59A00A642D7 /* UserMDL.swift */; };
		FC5974442A24D5D000A642D7 /* APIService.swift in Sources */ = {isa = PBXBuildFile; fileRef = FC5974432A24D5D000A642D7 /* APIService.swift */; };
		FC7B5CEA2A2E1EA5002FC94E /* Config.swift in Sources */ = {isa = PBXBuildFile; fileRef = FC7B5CE92A2E1EA5002FC94E /* Config.swift */; };
		FCB991752A5B049200B82924 /* KakaoSDKAuth in Frameworks */ = {isa = PBXBuildFile; productRef = FCB991742A5B049200B82924 /* KakaoSDKAuth */; };
		FCB991772A5B049200B82924 /* KakaoSDKCommon in Frameworks */ = {isa = PBXBuildFile; productRef = FCB991762A5B049200B82924 /* KakaoSDKCommon */; };
		FCB991792A5B049200B82924 /* KakaoSDKUser in Frameworks */ = {isa = PBXBuildFile; productRef = FCB991782A5B049200B82924 /* KakaoSDKUser */; };
		FCB9917C2A5B0F3500B82924 /* UserService.swift in Sources */ = {isa = PBXBuildFile; fileRef = FCB9917B2A5B0F3500B82924 /* UserService.swift */; };
		FCB9917E2A5B0FB200B82924 /* SignInVC.swift in Sources */ = {isa = PBXBuildFile; fileRef = FCB9917D2A5B0FB200B82924 /* SignInVC.swift */; };
		FCEAAB562A59DBF00048192E /* OpenAPIRuntime in Frameworks */ = {isa = PBXBuildFile; productRef = FCEAAB552A59DBF00048192E /* OpenAPIRuntime */; };
		FCEAAB5A2A59DC180048192E /* OpenAPIURLSession in Frameworks */ = {isa = PBXBuildFile; productRef = FCEAAB592A59DC180048192E /* OpenAPIURLSession */; };
/* End PBXBuildFile section */

/* Begin PBXContainerItemProxy section */
		FC59741D2A24D38800A642D7 /* PBXContainerItemProxy */ = {
			isa = PBXContainerItemProxy;
			containerPortal = FC5973FE2A24D38700A642D7 /* Project object */;
			proxyType = 1;
			remoteGlobalIDString = FC5974052A24D38700A642D7;
			remoteInfo = Promise;
		};
		FC5974272A24D38800A642D7 /* PBXContainerItemProxy */ = {
			isa = PBXContainerItemProxy;
			containerPortal = FC5973FE2A24D38700A642D7 /* Project object */;
			proxyType = 1;
			remoteGlobalIDString = FC5974052A24D38700A642D7;
			remoteInfo = Promise;
		};
/* End PBXContainerItemProxy section */

/* Begin PBXFileReference section */
		3AB1F030130858ADFE8A8262 /* Pods-PromiseTests.debug (development).xcconfig */ = {isa = PBXFileReference; includeInIndex = 1; lastKnownFileType = text.xcconfig; name = "Pods-PromiseTests.debug (development).xcconfig"; path = "Target Support Files/Pods-PromiseTests/Pods-PromiseTests.debug (development).xcconfig"; sourceTree = "<group>"; };
		4A4719EF2A37138B00812B29 /* ToastMessage.swift */ = {isa = PBXFileReference; lastKnownFileType = sourcecode.swift; path = ToastMessage.swift; sourceTree = "<group>"; };
		4A8D376E2A66D338002D63FF /* logo.json */ = {isa = PBXFileReference; fileEncoding = 4; lastKnownFileType = text.json; path = logo.json; sourceTree = "<group>"; };
		4AEBC3D02A4A91A1004E6EA5 /* PaddingLabel.swift */ = {isa = PBXFileReference; lastKnownFileType = sourcecode.swift; path = PaddingLabel.swift; sourceTree = "<group>"; };
		578512A51520FB30B443D6FB /* Pods-PromiseTests.debug (production).xcconfig */ = {isa = PBXFileReference; includeInIndex = 1; lastKnownFileType = text.xcconfig; name = "Pods-PromiseTests.debug (production).xcconfig"; path = "Target Support Files/Pods-PromiseTests/Pods-PromiseTests.debug (production).xcconfig"; sourceTree = "<group>"; };
		58C277C686336BB41689AE7B /* Pods-Promise.debug (production).xcconfig */ = {isa = PBXFileReference; includeInIndex = 1; lastKnownFileType = text.xcconfig; name = "Pods-Promise.debug (production).xcconfig"; path = "Target Support Files/Pods-Promise/Pods-Promise.debug (production).xcconfig"; sourceTree = "<group>"; };
		764BF17F57028C2A099D8481 /* Pods-Promise.debug (development).xcconfig */ = {isa = PBXFileReference; includeInIndex = 1; lastKnownFileType = text.xcconfig; name = "Pods-Promise.debug (development).xcconfig"; path = "Target Support Files/Pods-Promise/Pods-Promise.debug (development).xcconfig"; sourceTree = "<group>"; };
		894B046744778EF05444C8DA /* Pods-Promise.release (production).xcconfig */ = {isa = PBXFileReference; includeInIndex = 1; lastKnownFileType = text.xcconfig; name = "Pods-Promise.release (production).xcconfig"; path = "Target Support Files/Pods-Promise/Pods-Promise.release (production).xcconfig"; sourceTree = "<group>"; };
		924C4BDF484661E9464D13A2 /* Pods-Promise.release (development).xcconfig */ = {isa = PBXFileReference; includeInIndex = 1; lastKnownFileType = text.xcconfig; name = "Pods-Promise.release (development).xcconfig"; path = "Target Support Files/Pods-Promise/Pods-Promise.release (development).xcconfig"; sourceTree = "<group>"; };
		98B9A278DE609001C3C70F30 /* Pods-Promise-PromiseUITests.release (development).xcconfig */ = {isa = PBXFileReference; includeInIndex = 1; lastKnownFileType = text.xcconfig; name = "Pods-Promise-PromiseUITests.release (development).xcconfig"; path = "Target Support Files/Pods-Promise-PromiseUITests/Pods-Promise-PromiseUITests.release (development).xcconfig"; sourceTree = "<group>"; };
		A909466D7EC73DBADB1D2CD4 /* Pods_Promise.framework */ = {isa = PBXFileReference; explicitFileType = wrapper.framework; includeInIndex = 0; path = Pods_Promise.framework; sourceTree = BUILT_PRODUCTS_DIR; };
		AB489541AF605C0A3F802C59 /* Pods-PromiseTests.release (development).xcconfig */ = {isa = PBXFileReference; includeInIndex = 1; lastKnownFileType = text.xcconfig; name = "Pods-PromiseTests.release (development).xcconfig"; path = "Target Support Files/Pods-PromiseTests/Pods-PromiseTests.release (development).xcconfig"; sourceTree = "<group>"; };
		ADEFA7F8E2C92194FC6879A6 /* Pods-Promise-PromiseUITests.debug (production).xcconfig */ = {isa = PBXFileReference; includeInIndex = 1; lastKnownFileType = text.xcconfig; name = "Pods-Promise-PromiseUITests.debug (production).xcconfig"; path = "Target Support Files/Pods-Promise-PromiseUITests/Pods-Promise-PromiseUITests.debug (production).xcconfig"; sourceTree = "<group>"; };
		ADFDB7C0C4B339F6E5621D18 /* Pods-Promise-PromiseUITests.debug (development).xcconfig */ = {isa = PBXFileReference; includeInIndex = 1; lastKnownFileType = text.xcconfig; name = "Pods-Promise-PromiseUITests.debug (development).xcconfig"; path = "Target Support Files/Pods-Promise-PromiseUITests/Pods-Promise-PromiseUITests.debug (development).xcconfig"; sourceTree = "<group>"; };
		BAF4E08C267DD0E79D88427C /* Pods-PromiseTests.release (production).xcconfig */ = {isa = PBXFileReference; includeInIndex = 1; lastKnownFileType = text.xcconfig; name = "Pods-PromiseTests.release (production).xcconfig"; path = "Target Support Files/Pods-PromiseTests/Pods-PromiseTests.release (production).xcconfig"; sourceTree = "<group>"; };
		BAFA329588C2ED9E3C2DC671 /* Pods_Promise_PromiseUITests.framework */ = {isa = PBXFileReference; explicitFileType = wrapper.framework; includeInIndex = 0; path = Pods_Promise_PromiseUITests.framework; sourceTree = BUILT_PRODUCTS_DIR; };
		E05ABACA1B55DE44E538CD23 /* Pods-Promise-PromiseUITests.release (production).xcconfig */ = {isa = PBXFileReference; includeInIndex = 1; lastKnownFileType = text.xcconfig; name = "Pods-Promise-PromiseUITests.release (production).xcconfig"; path = "Target Support Files/Pods-Promise-PromiseUITests/Pods-Promise-PromiseUITests.release (production).xcconfig"; sourceTree = "<group>"; };
		E46B9D17C8AC616391C471C9 /* Pods_PromiseTests.framework */ = {isa = PBXFileReference; explicitFileType = wrapper.framework; includeInIndex = 0; path = Pods_PromiseTests.framework; sourceTree = BUILT_PRODUCTS_DIR; };
		FA0A29662A66F6D0004F44A5 /* CommonFloatingContentVC.swift */ = {isa = PBXFileReference; lastKnownFileType = sourcecode.swift; path = CommonFloatingContentVC.swift; sourceTree = "<group>"; };
		FA0A29682A66F6E7004F44A5 /* CommonFloatingContainerVC.swift */ = {isa = PBXFileReference; lastKnownFileType = sourcecode.swift; path = CommonFloatingContainerVC.swift; sourceTree = "<group>"; };
		FA820A9F2A82791E00AD571C /* UIViewController.swift */ = {isa = PBXFileReference; lastKnownFileType = sourcecode.swift; path = UIViewController.swift; sourceTree = "<group>"; };
		FA9C23092A72BE0A007573A6 /* PopupVC.swift */ = {isa = PBXFileReference; lastKnownFileType = sourcecode.swift; path = PopupVC.swift; sourceTree = "<group>"; };
		FAD2BFBD2A6AF359009E6461 /* UIColorHelper.swift */ = {isa = PBXFileReference; lastKnownFileType = sourcecode.swift; path = UIColorHelper.swift; sourceTree = "<group>"; };
		FAD2BFC12A6AF660009E6461 /* Pretendard-ExtraLight.otf */ = {isa = PBXFileReference; lastKnownFileType = file; path = "Pretendard-ExtraLight.otf"; sourceTree = "<group>"; };
		FAD2BFC22A6AF661009E6461 /* Pretendard-Bold.otf */ = {isa = PBXFileReference; lastKnownFileType = file; path = "Pretendard-Bold.otf"; sourceTree = "<group>"; };
		FAD2BFC32A6AF661009E6461 /* Pretendard-Light.otf */ = {isa = PBXFileReference; lastKnownFileType = file; path = "Pretendard-Light.otf"; sourceTree = "<group>"; };
		FAD2BFC42A6AF661009E6461 /* Pretendard-Thin.otf */ = {isa = PBXFileReference; lastKnownFileType = file; path = "Pretendard-Thin.otf"; sourceTree = "<group>"; };
		FAD2BFC52A6AF661009E6461 /* Pretendard-ExtraBold.otf */ = {isa = PBXFileReference; lastKnownFileType = file; path = "Pretendard-ExtraBold.otf"; sourceTree = "<group>"; };
		FAD2BFC62A6AF661009E6461 /* Pretendard-Medium.otf */ = {isa = PBXFileReference; lastKnownFileType = file; path = "Pretendard-Medium.otf"; sourceTree = "<group>"; };
		FAD2BFC72A6AF661009E6461 /* Pretendard-Regular.otf */ = {isa = PBXFileReference; lastKnownFileType = file; path = "Pretendard-Regular.otf"; sourceTree = "<group>"; };
		FAD2BFC82A6AF661009E6461 /* Pretendard-SemiBold.otf */ = {isa = PBXFileReference; lastKnownFileType = file; path = "Pretendard-SemiBold.otf"; sourceTree = "<group>"; };
		FAD2BFC92A6AF661009E6461 /* Pretendard-Black.otf */ = {isa = PBXFileReference; lastKnownFileType = file; path = "Pretendard-Black.otf"; sourceTree = "<group>"; };
		FAD2BFD32A6AF8B9009E6461 /* FontHelper.swift */ = {isa = PBXFileReference; lastKnownFileType = sourcecode.swift; path = FontHelper.swift; sourceTree = "<group>"; };
		FAD2BFD62A6C2692009E6461 /* Button.swift */ = {isa = PBXFileReference; lastKnownFileType = sourcecode.swift; path = Button.swift; sourceTree = "<group>"; };
		FAE2E0242A26385A002D8869 /* BaseButton.swift */ = {isa = PBXFileReference; lastKnownFileType = sourcecode.swift; path = BaseButton.swift; sourceTree = "<group>"; };
		FC0E4C9F2A78088C00F9CA1C /* UIImage.swift */ = {isa = PBXFileReference; lastKnownFileType = sourcecode.swift; path = UIImage.swift; sourceTree = "<group>"; };
		FC1FBE822A5DAD7200C12CBC /* Promise.entitlements */ = {isa = PBXFileReference; lastKnownFileType = text.plist.entitlements; path = Promise.entitlements; sourceTree = "<group>"; };
		FC41B25D2A781E6500C1C592 /* Task.swift */ = {isa = PBXFileReference; lastKnownFileType = sourcecode.swift; path = Task.swift; sourceTree = "<group>"; };
		FC41B25F2A781E8700C1C592 /* LaunchVC.swift */ = {isa = PBXFileReference; fileEncoding = 4; lastKnownFileType = sourcecode.swift; path = LaunchVC.swift; sourceTree = "<group>"; };
		FC41B2642A78231500C1C592 /* Fonts.swift */ = {isa = PBXFileReference; fileEncoding = 4; lastKnownFileType = sourcecode.swift; path = Fonts.swift; sourceTree = "<group>"; };
		FC41B2672A78239A00C1C592 /* Lotties.swift */ = {isa = PBXFileReference; fileEncoding = 4; lastKnownFileType = sourcecode.swift; path = Lotties.swift; sourceTree = "<group>"; };
		FC4A7A962A616F060055FE4F /* Onboarding.swift */ = {isa = PBXFileReference; lastKnownFileType = sourcecode.swift; path = Onboarding.swift; sourceTree = "<group>"; };
		FC5903282A76A76A00778305 /* swiftgen.yml */ = {isa = PBXFileReference; fileEncoding = 4; lastKnownFileType = text.yaml; path = swiftgen.yml; sourceTree = "<group>"; };
		FC5903292A76A76A00778305 /* openapi-generator-config.yml */ = {isa = PBXFileReference; fileEncoding = 4; lastKnownFileType = text.yaml; path = "openapi-generator-config.yml"; sourceTree = "<group>"; };
		FC59032A2A76A76A00778305 /* openapi.json */ = {isa = PBXFileReference; fileEncoding = 4; lastKnownFileType = text.json; path = openapi.json; sourceTree = "<group>"; };
		FC59033C2A76BA1400778305 /* XCImages.swift */ = {isa = PBXFileReference; fileEncoding = 4; lastKnownFileType = sourcecode.swift; path = XCImages.swift; sourceTree = "<group>"; };
		FC59033D2A76BA1400778305 /* Strings.swift */ = {isa = PBXFileReference; fileEncoding = 4; lastKnownFileType = sourcecode.swift; path = Strings.swift; sourceTree = "<group>"; };
		FC5903482A76BE2900778305 /* String.swift */ = {isa = PBXFileReference; lastKnownFileType = sourcecode.swift; path = String.swift; sourceTree = "<group>"; };
		FC59034E2A76D08300778305 /* Base */ = {isa = PBXFileReference; lastKnownFileType = text.plist.strings; name = Base; path = Base.lproj/Localizable.strings; sourceTree = "<group>"; };
		FC5903502A76D08F00778305 /* ko */ = {isa = PBXFileReference; lastKnownFileType = text.plist.strings; name = ko; path = ko.lproj/Localizable.strings; sourceTree = "<group>"; };
		FC5903512A76D09000778305 /* en */ = {isa = PBXFileReference; lastKnownFileType = text.plist.strings; name = en; path = en.lproj/Localizable.strings; sourceTree = "<group>"; };
		FC5974062A24D38700A642D7 /* Promise.app */ = {isa = PBXFileReference; explicitFileType = wrapper.application; includeInIndex = 0; path = Promise.app; sourceTree = BUILT_PRODUCTS_DIR; };
		FC5974092A24D38700A642D7 /* AppDelegate.swift */ = {isa = PBXFileReference; lastKnownFileType = sourcecode.swift; path = AppDelegate.swift; sourceTree = "<group>"; };
		FC59740B2A24D38700A642D7 /* SceneDelegate.swift */ = {isa = PBXFileReference; lastKnownFileType = sourcecode.swift; path = SceneDelegate.swift; sourceTree = "<group>"; };
		FC59740D2A24D38700A642D7 /* MainVC.swift */ = {isa = PBXFileReference; lastKnownFileType = sourcecode.swift; path = MainVC.swift; sourceTree = "<group>"; };
		FC5974122A24D38800A642D7 /* XCImages.xcassets */ = {isa = PBXFileReference; lastKnownFileType = folder.assetcatalog; path = XCImages.xcassets; sourceTree = "<group>"; };
		FC5974172A24D38800A642D7 /* Info.plist */ = {isa = PBXFileReference; lastKnownFileType = text.plist.xml; path = Info.plist; sourceTree = "<group>"; };
		FC59741C2A24D38800A642D7 /* PromiseTests.xctest */ = {isa = PBXFileReference; explicitFileType = wrapper.cfbundle; includeInIndex = 0; path = PromiseTests.xctest; sourceTree = BUILT_PRODUCTS_DIR; };
		FC5974202A24D38800A642D7 /* PromiseTests.swift */ = {isa = PBXFileReference; lastKnownFileType = sourcecode.swift; path = PromiseTests.swift; sourceTree = "<group>"; };
		FC5974262A24D38800A642D7 /* PromiseUITests.xctest */ = {isa = PBXFileReference; explicitFileType = wrapper.cfbundle; includeInIndex = 0; path = PromiseUITests.xctest; sourceTree = BUILT_PRODUCTS_DIR; };
		FC59742A2A24D38800A642D7 /* PromiseUITests.swift */ = {isa = PBXFileReference; lastKnownFileType = sourcecode.swift; path = PromiseUITests.swift; sourceTree = "<group>"; };
		FC59742C2A24D38800A642D7 /* PromiseUITestsLaunchTests.swift */ = {isa = PBXFileReference; lastKnownFileType = sourcecode.swift; path = PromiseUITestsLaunchTests.swift; sourceTree = "<group>"; };
		FC59743A2A24D57600A642D7 /* SignInVM.swift */ = {isa = PBXFileReference; lastKnownFileType = sourcecode.swift; path = SignInVM.swift; sourceTree = "<group>"; };
		FC59743D2A24D59A00A642D7 /* UserMDL.swift */ = {isa = PBXFileReference; lastKnownFileType = sourcecode.swift; path = UserMDL.swift; sourceTree = "<group>"; };
		FC5974432A24D5D000A642D7 /* APIService.swift */ = {isa = PBXFileReference; lastKnownFileType = sourcecode.swift; path = APIService.swift; sourceTree = "<group>"; };
		FC7B5CDF2A2E099A002FC94E /* development.xcconfig */ = {isa = PBXFileReference; lastKnownFileType = text.xcconfig; path = development.xcconfig; sourceTree = "<group>"; };
		FC7B5CE02A2E0D55002FC94E /* production.xcconfig */ = {isa = PBXFileReference; lastKnownFileType = text.xcconfig; path = production.xcconfig; sourceTree = "<group>"; };
		FC7B5CE92A2E1EA5002FC94E /* Config.swift */ = {isa = PBXFileReference; lastKnownFileType = sourcecode.swift; path = Config.swift; sourceTree = "<group>"; };
		FCB9917B2A5B0F3500B82924 /* UserService.swift */ = {isa = PBXFileReference; lastKnownFileType = sourcecode.swift; path = UserService.swift; sourceTree = "<group>"; };
		FCB9917D2A5B0FB200B82924 /* SignInVC.swift */ = {isa = PBXFileReference; lastKnownFileType = sourcecode.swift; path = SignInVC.swift; sourceTree = "<group>"; };
/* End PBXFileReference section */

/* Begin PBXFrameworksBuildPhase section */
		FC5974032A24D38700A642D7 /* Frameworks */ = {
			isa = PBXFrameworksBuildPhase;
			buildActionMask = 2147483647;
			files = (
				FCEAAB562A59DBF00048192E /* OpenAPIRuntime in Frameworks */,
				FCEAAB5A2A59DC180048192E /* OpenAPIURLSession in Frameworks */,
				FC516E032A6D108400709F1E /* JWTDecode in Frameworks */,
				FCB991792A5B049200B82924 /* KakaoSDKUser in Frameworks */,
				FCB991772A5B049200B82924 /* KakaoSDKCommon in Frameworks */,
				FCB991752A5B049200B82924 /* KakaoSDKAuth in Frameworks */,
				FC4A7AB92A6448790055FE4F /* GoogleSignIn in Frameworks */,
				A3EC68EF17FE9D66AE58961C /* Pods_Promise.framework in Frameworks */,
			);
			runOnlyForDeploymentPostprocessing = 0;
		};
		FC5974192A24D38800A642D7 /* Frameworks */ = {
			isa = PBXFrameworksBuildPhase;
			buildActionMask = 2147483647;
			files = (
				6675A5AFDDE51E6D2EA8220F /* Pods_PromiseTests.framework in Frameworks */,
			);
			runOnlyForDeploymentPostprocessing = 0;
		};
		FC5974232A24D38800A642D7 /* Frameworks */ = {
			isa = PBXFrameworksBuildPhase;
			buildActionMask = 2147483647;
			files = (
				7FFF9ABCE5C706FC51D3B2B9 /* Pods_Promise_PromiseUITests.framework in Frameworks */,
			);
			runOnlyForDeploymentPostprocessing = 0;
		};
/* End PBXFrameworksBuildPhase section */

/* Begin PBXGroup section */
		277CF968CAAFEBDB11FA930A /* Pods */ = {
			isa = PBXGroup;
			children = (
				764BF17F57028C2A099D8481 /* Pods-Promise.debug (development).xcconfig */,
				58C277C686336BB41689AE7B /* Pods-Promise.debug (production).xcconfig */,
				924C4BDF484661E9464D13A2 /* Pods-Promise.release (development).xcconfig */,
				894B046744778EF05444C8DA /* Pods-Promise.release (production).xcconfig */,
				ADFDB7C0C4B339F6E5621D18 /* Pods-Promise-PromiseUITests.debug (development).xcconfig */,
				ADEFA7F8E2C92194FC6879A6 /* Pods-Promise-PromiseUITests.debug (production).xcconfig */,
				98B9A278DE609001C3C70F30 /* Pods-Promise-PromiseUITests.release (development).xcconfig */,
				E05ABACA1B55DE44E538CD23 /* Pods-Promise-PromiseUITests.release (production).xcconfig */,
				3AB1F030130858ADFE8A8262 /* Pods-PromiseTests.debug (development).xcconfig */,
				578512A51520FB30B443D6FB /* Pods-PromiseTests.debug (production).xcconfig */,
				AB489541AF605C0A3F802C59 /* Pods-PromiseTests.release (development).xcconfig */,
				BAF4E08C267DD0E79D88427C /* Pods-PromiseTests.release (production).xcconfig */,
			);
			path = Pods;
			sourceTree = "<group>";
		};
		4A4719EE2A36F29200812B29 /* ToastMessage */ = {
			isa = PBXGroup;
			children = (
				4A4719EF2A37138B00812B29 /* ToastMessage.swift */,
			);
			path = ToastMessage;
			sourceTree = "<group>";
		};
		4A5EE2632A36D0AD005D5020 /* Lotties */ = {
			isa = PBXGroup;
			children = (
				4A8D376E2A66D338002D63FF /* logo.json */,
			);
			path = Lotties;
			sourceTree = "<group>";
		};
		4AEBC3CF2A4A9171004E6EA5 /* Label */ = {
			isa = PBXGroup;
			children = (
				4AEBC3D02A4A91A1004E6EA5 /* PaddingLabel.swift */,
			);
			path = Label;
			sourceTree = "<group>";
		};
		BE7B8FFC152A04501C6BBF11 /* Frameworks */ = {
			isa = PBXGroup;
			children = (
				A909466D7EC73DBADB1D2CD4 /* Pods_Promise.framework */,
				BAFA329588C2ED9E3C2DC671 /* Pods_Promise_PromiseUITests.framework */,
				E46B9D17C8AC616391C471C9 /* Pods_PromiseTests.framework */,
			);
			name = Frameworks;
			sourceTree = "<group>";
		};
		FA9C23082A72B84C007573A6 /* Popup */ = {
			isa = PBXGroup;
			children = (
				FA9C23092A72BE0A007573A6 /* PopupVC.swift */,
			);
			path = Popup;
			sourceTree = "<group>";
		};
		FABF06B32A34D2B300D2B796 /* Modal */ = {
			isa = PBXGroup;
			children = (
				FA0A29662A66F6D0004F44A5 /* CommonFloatingContentVC.swift */,
				FA0A29682A66F6E7004F44A5 /* CommonFloatingContainerVC.swift */,
			);
			path = Modal;
			sourceTree = "<group>";
		};
		FAD2BFC02A6AF5BA009E6461 /* Fonts */ = {
			isa = PBXGroup;
			children = (
				FAD2BFC92A6AF661009E6461 /* Pretendard-Black.otf */,
				FAD2BFC22A6AF661009E6461 /* Pretendard-Bold.otf */,
				FAD2BFC52A6AF661009E6461 /* Pretendard-ExtraBold.otf */,
				FAD2BFC12A6AF660009E6461 /* Pretendard-ExtraLight.otf */,
				FAD2BFC32A6AF661009E6461 /* Pretendard-Light.otf */,
				FAD2BFC62A6AF661009E6461 /* Pretendard-Medium.otf */,
				FAD2BFC72A6AF661009E6461 /* Pretendard-Regular.otf */,
				FAD2BFC82A6AF661009E6461 /* Pretendard-SemiBold.otf */,
				FAD2BFC42A6AF661009E6461 /* Pretendard-Thin.otf */,
			);
			path = Fonts;
			sourceTree = "<group>";
		};
		FAE2E0212A26381A002D8869 /* Components */ = {
			isa = PBXGroup;
			children = (
				FA9C23082A72B84C007573A6 /* Popup */,
				FABF06B32A34D2B300D2B796 /* Modal */,
				4AEBC3CF2A4A9171004E6EA5 /* Label */,
				4A4719EE2A36F29200812B29 /* ToastMessage */,
				FAE2E0232A26382D002D8869 /* Buttons */,
			);
			path = Components;
			sourceTree = "<group>";
		};
		FAE2E0232A26382D002D8869 /* Buttons */ = {
			isa = PBXGroup;
			children = (
				FAE2E0242A26385A002D8869 /* BaseButton.swift */,
				FAD2BFD62A6C2692009E6461 /* Button.swift */,
			);
			path = Buttons;
			sourceTree = "<group>";
		};
		FC5903212A76A56C00778305 /* Extensions */ = {
			isa = PBXGroup;
			children = (
				FC5903482A76BE2900778305 /* String.swift */,
				FC0E4C9F2A78088C00F9CA1C /* UIImage.swift */,
				FC41B25D2A781E6500C1C592 /* Task.swift */,
				FA820A9F2A82791E00AD571C /* UIViewController.swift */,
			);
			path = Extensions;
			sourceTree = "<group>";
		};
		FC5903342A76B58B00778305 /* Images */ = {
			isa = PBXGroup;
			children = (
				FC5974122A24D38800A642D7 /* XCImages.xcassets */,
			);
			path = Images;
			sourceTree = "<group>";
		};
		FC5903352A76B59500778305 /* Strings */ = {
			isa = PBXGroup;
			children = (
				FC59034D2A76D08300778305 /* Localizable.strings */,
			);
			path = Strings;
			sourceTree = "<group>";
		};
		FC5903362A76B5EC00778305 /* Generated */ = {
			isa = PBXGroup;
			children = (
				FC41B2672A78239A00C1C592 /* Lotties.swift */,
				FC41B2642A78231500C1C592 /* Fonts.swift */,
				FC59033D2A76BA1400778305 /* Strings.swift */,
				FC59033C2A76BA1400778305 /* XCImages.swift */,
			);
			path = Generated;
			sourceTree = "<group>";
		};
		FC5973FD2A24D38700A642D7 = {
			isa = PBXGroup;
			children = (
				FC5974082A24D38700A642D7 /* Promise */,
				FC59741F2A24D38800A642D7 /* PromiseTests */,
				FC5974292A24D38800A642D7 /* PromiseUITests */,
				FC7B5CDE2A2E094D002FC94E /* Configurations */,
				FC5974072A24D38700A642D7 /* Products */,
				277CF968CAAFEBDB11FA930A /* Pods */,
				BE7B8FFC152A04501C6BBF11 /* Frameworks */,
			);
			sourceTree = "<group>";
		};
		FC5974072A24D38700A642D7 /* Products */ = {
			isa = PBXGroup;
			children = (
				FC5974062A24D38700A642D7 /* Promise.app */,
				FC59741C2A24D38800A642D7 /* PromiseTests.xctest */,
				FC5974262A24D38800A642D7 /* PromiseUITests.xctest */,
			);
			name = Products;
			sourceTree = "<group>";
		};
		FC5974082A24D38700A642D7 /* Promise */ = {
			isa = PBXGroup;
			children = (
				FAE2E0212A26381A002D8869 /* Components */,
				FC5974482A24D60B00A642D7 /* Views */,
				FC5974392A24D54800A642D7 /* ViewModels */,
				FC59743C2A24D58800A642D7 /* Models */,
				FC5974422A24D5BB00A642D7 /* Services */,
				FC59743F2A24D59F00A642D7 /* Helpers */,
				FC5974452A24D5E100A642D7 /* Resources */,
				FC4A7A962A616F060055FE4F /* Onboarding.swift */,
				FC7B5CE92A2E1EA5002FC94E /* Config.swift */,
				FC5974092A24D38700A642D7 /* AppDelegate.swift */,
				FC59740B2A24D38700A642D7 /* SceneDelegate.swift */,
				FC5974172A24D38800A642D7 /* Info.plist */,
				FC1FBE822A5DAD7200C12CBC /* Promise.entitlements */,
				FC5903282A76A76A00778305 /* swiftgen.yml */,
				FC59032A2A76A76A00778305 /* openapi.json */,
				FC5903292A76A76A00778305 /* openapi-generator-config.yml */,
			);
			path = Promise;
			sourceTree = "<group>";
		};
		FC59741F2A24D38800A642D7 /* PromiseTests */ = {
			isa = PBXGroup;
			children = (
				FC5974202A24D38800A642D7 /* PromiseTests.swift */,
			);
			path = PromiseTests;
			sourceTree = "<group>";
		};
		FC5974292A24D38800A642D7 /* PromiseUITests */ = {
			isa = PBXGroup;
			children = (
				FC59742A2A24D38800A642D7 /* PromiseUITests.swift */,
				FC59742C2A24D38800A642D7 /* PromiseUITestsLaunchTests.swift */,
			);
			path = PromiseUITests;
			sourceTree = "<group>";
		};
		FC5974392A24D54800A642D7 /* ViewModels */ = {
			isa = PBXGroup;
			children = (
				FC59743A2A24D57600A642D7 /* SignInVM.swift */,
			);
			path = ViewModels;
			sourceTree = "<group>";
		};
		FC59743C2A24D58800A642D7 /* Models */ = {
			isa = PBXGroup;
			children = (
				FC59743D2A24D59A00A642D7 /* UserMDL.swift */,
			);
			path = Models;
			sourceTree = "<group>";
		};
		FC59743F2A24D59F00A642D7 /* Helpers */ = {
			isa = PBXGroup;
			children = (
				FC5903362A76B5EC00778305 /* Generated */,
				FC5903212A76A56C00778305 /* Extensions */,
				FAD2BFBD2A6AF359009E6461 /* UIColorHelper.swift */,
				FAD2BFD32A6AF8B9009E6461 /* FontHelper.swift */,
			);
			path = Helpers;
			sourceTree = "<group>";
		};
		FC5974422A24D5BB00A642D7 /* Services */ = {
			isa = PBXGroup;
			children = (
				FC5974432A24D5D000A642D7 /* APIService.swift */,
				FCB9917B2A5B0F3500B82924 /* UserService.swift */,
			);
			path = Services;
			sourceTree = "<group>";
		};
		FC5974452A24D5E100A642D7 /* Resources */ = {
			isa = PBXGroup;
			children = (
				FAD2BFC02A6AF5BA009E6461 /* Fonts */,
				4A5EE2632A36D0AD005D5020 /* Lotties */,
				FC5903352A76B59500778305 /* Strings */,
				FC5903342A76B58B00778305 /* Images */,
			);
			path = Resources;
			sourceTree = "<group>";
		};
		FC5974482A24D60B00A642D7 /* Views */ = {
			isa = PBXGroup;
			children = (
				FC41B25F2A781E8700C1C592 /* LaunchVC.swift */,
				FC59740D2A24D38700A642D7 /* MainVC.swift */,
				FCB9917D2A5B0FB200B82924 /* SignInVC.swift */,
			);
			path = Views;
			sourceTree = "<group>";
		};
		FC7B5CDE2A2E094D002FC94E /* Configurations */ = {
			isa = PBXGroup;
			children = (
				FC7B5CDF2A2E099A002FC94E /* development.xcconfig */,
				FC7B5CE02A2E0D55002FC94E /* production.xcconfig */,
			);
			path = Configurations;
			sourceTree = "<group>";
		};
/* End PBXGroup section */

/* Begin PBXNativeTarget section */
		FC5974052A24D38700A642D7 /* Promise */ = {
			isa = PBXNativeTarget;
			buildConfigurationList = FC5974302A24D38800A642D7 /* Build configuration list for PBXNativeTarget "Promise" */;
			buildPhases = (
				18839BE43AE8624DBF37782C /* [CP] Check Pods Manifest.lock */,
				FC41B2592A781D9E00C1C592 /* Swift OpenAPI Generator */,
				FC59031A2A76A37300778305 /* SwiftGen Script */,
				FC5974022A24D38700A642D7 /* Sources */,
				FC5974032A24D38700A642D7 /* Frameworks */,
				FC5974042A24D38700A642D7 /* Resources */,
				4BFFA6F6249CD25BB040D056 /* [CP] Embed Pods Frameworks */,
			);
			buildRules = (
			);
			dependencies = (
				FCEAAB682A59DED60048192E /* PBXTargetDependency */,
			);
			name = Promise;
			packageProductDependencies = (
				FCEAAB552A59DBF00048192E /* OpenAPIRuntime */,
				FCEAAB592A59DC180048192E /* OpenAPIURLSession */,
				FCB991742A5B049200B82924 /* KakaoSDKAuth */,
				FCB991762A5B049200B82924 /* KakaoSDKCommon */,
				FCB991782A5B049200B82924 /* KakaoSDKUser */,
				FC4A7AB82A6448790055FE4F /* GoogleSignIn */,
				FC516E022A6D108400709F1E /* JWTDecode */,
			);
			productName = Promise;
			productReference = FC5974062A24D38700A642D7 /* Promise.app */;
			productType = "com.apple.product-type.application";
		};
		FC59741B2A24D38800A642D7 /* PromiseTests */ = {
			isa = PBXNativeTarget;
			buildConfigurationList = FC5974332A24D38800A642D7 /* Build configuration list for PBXNativeTarget "PromiseTests" */;
			buildPhases = (
				D925B59B8EFCE89DBDC10540 /* [CP] Check Pods Manifest.lock */,
				FC5974182A24D38800A642D7 /* Sources */,
				FC5974192A24D38800A642D7 /* Frameworks */,
				FC59741A2A24D38800A642D7 /* Resources */,
			);
			buildRules = (
			);
			dependencies = (
				FC59741E2A24D38800A642D7 /* PBXTargetDependency */,
			);
			name = PromiseTests;
			productName = PromiseTests;
			productReference = FC59741C2A24D38800A642D7 /* PromiseTests.xctest */;
			productType = "com.apple.product-type.bundle.unit-test";
		};
		FC5974252A24D38800A642D7 /* PromiseUITests */ = {
			isa = PBXNativeTarget;
			buildConfigurationList = FC5974362A24D38800A642D7 /* Build configuration list for PBXNativeTarget "PromiseUITests" */;
			buildPhases = (
				16D97B35567978D786597BCD /* [CP] Check Pods Manifest.lock */,
				FC5974222A24D38800A642D7 /* Sources */,
				FC5974232A24D38800A642D7 /* Frameworks */,
				FC5974242A24D38800A642D7 /* Resources */,
				4C0EAC0F32E7DC58152C0009 /* [CP] Embed Pods Frameworks */,
			);
			buildRules = (
			);
			dependencies = (
				FC5974282A24D38800A642D7 /* PBXTargetDependency */,
			);
			name = PromiseUITests;
			productName = PromiseUITests;
			productReference = FC5974262A24D38800A642D7 /* PromiseUITests.xctest */;
			productType = "com.apple.product-type.bundle.ui-testing";
		};
/* End PBXNativeTarget section */

/* Begin PBXProject section */
		FC5973FE2A24D38700A642D7 /* Project object */ = {
			isa = PBXProject;
			attributes = {
				BuildIndependentTargetsInParallel = 1;
				LastSwiftUpdateCheck = 1430;
				LastUpgradeCheck = 1430;
				TargetAttributes = {
					FC5974052A24D38700A642D7 = {
						CreatedOnToolsVersion = 14.3;
					};
					FC59741B2A24D38800A642D7 = {
						CreatedOnToolsVersion = 14.3;
						TestTargetID = FC5974052A24D38700A642D7;
					};
					FC5974252A24D38800A642D7 = {
						CreatedOnToolsVersion = 14.3;
						TestTargetID = FC5974052A24D38700A642D7;
					};
				};
			};
			buildConfigurationList = FC5974012A24D38700A642D7 /* Build configuration list for PBXProject "Promise" */;
			compatibilityVersion = "Xcode 13.0";
			developmentRegion = ko;
			hasScannedForEncodings = 0;
			knownRegions = (
				en,
				Base,
				ko,
			);
			mainGroup = FC5973FD2A24D38700A642D7;
			packageReferences = (
				FCEAAB542A59DBF00048192E /* XCRemoteSwiftPackageReference "swift-openapi-runtime" */,
				FCEAAB572A59DC040048192E /* XCRemoteSwiftPackageReference "swift-openapi-generator" */,
				FCEAAB582A59DC180048192E /* XCRemoteSwiftPackageReference "swift-openapi-urlsession" */,
				FCB991732A5B049200B82924 /* XCRemoteSwiftPackageReference "kakao-ios-sdk" */,
				FC4A7AB72A6448790055FE4F /* XCRemoteSwiftPackageReference "GoogleSignIn-iOS" */,
				FC516E012A6D108400709F1E /* XCRemoteSwiftPackageReference "JWTDecode.swift" */,
			);
			productRefGroup = FC5974072A24D38700A642D7 /* Products */;
			projectDirPath = "";
			projectRoot = "";
			targets = (
				FC5974052A24D38700A642D7 /* Promise */,
				FC59741B2A24D38800A642D7 /* PromiseTests */,
				FC5974252A24D38800A642D7 /* PromiseUITests */,
			);
		};
/* End PBXProject section */

/* Begin PBXResourcesBuildPhase section */
		FC5974042A24D38700A642D7 /* Resources */ = {
			isa = PBXResourcesBuildPhase;
			buildActionMask = 2147483647;
			files = (
				FC41B2722A782A2900C1C592 /* XCImages.xcassets in Resources */,
				FC59032D2A76A76A00778305 /* openapi.json in Resources */,
				FC59034F2A76D08300778305 /* Localizable.strings in Resources */,
				FC59032C2A76A76A00778305 /* openapi-generator-config.yml in Resources */,
				FC59032B2A76A76A00778305 /* swiftgen.yml in Resources */,
				FAD2BFCA2A6AF661009E6461 /* Pretendard-ExtraLight.otf in Resources */,
				FAD2BFCD2A6AF661009E6461 /* Pretendard-Thin.otf in Resources */,
				FAD2BFCB2A6AF661009E6461 /* Pretendard-Bold.otf in Resources */,
				FAD2BFD22A6AF661009E6461 /* Pretendard-Black.otf in Resources */,
				FAD2BFD02A6AF661009E6461 /* Pretendard-Regular.otf in Resources */,
				FAD2BFCE2A6AF661009E6461 /* Pretendard-ExtraBold.otf in Resources */,
				FAD2BFD12A6AF661009E6461 /* Pretendard-SemiBold.otf in Resources */,
				4A8D376F2A66D338002D63FF /* logo.json in Resources */,
				FAD2BFCC2A6AF661009E6461 /* Pretendard-Light.otf in Resources */,
				FAD2BFCF2A6AF661009E6461 /* Pretendard-Medium.otf in Resources */,
			);
			runOnlyForDeploymentPostprocessing = 0;
		};
		FC59741A2A24D38800A642D7 /* Resources */ = {
			isa = PBXResourcesBuildPhase;
			buildActionMask = 2147483647;
			files = (
			);
			runOnlyForDeploymentPostprocessing = 0;
		};
		FC5974242A24D38800A642D7 /* Resources */ = {
			isa = PBXResourcesBuildPhase;
			buildActionMask = 2147483647;
			files = (
			);
			runOnlyForDeploymentPostprocessing = 0;
		};
/* End PBXResourcesBuildPhase section */

/* Begin PBXShellScriptBuildPhase section */
		16D97B35567978D786597BCD /* [CP] Check Pods Manifest.lock */ = {
			isa = PBXShellScriptBuildPhase;
			buildActionMask = 2147483647;
			files = (
			);
			inputFileListPaths = (
			);
			inputPaths = (
				"${PODS_PODFILE_DIR_PATH}/Podfile.lock",
				"${PODS_ROOT}/Manifest.lock",
			);
			name = "[CP] Check Pods Manifest.lock";
			outputFileListPaths = (
			);
			outputPaths = (
				"$(DERIVED_FILE_DIR)/Pods-Promise-PromiseUITests-checkManifestLockResult.txt",
			);
			runOnlyForDeploymentPostprocessing = 0;
			shellPath = /bin/sh;
			shellScript = "diff \"${PODS_PODFILE_DIR_PATH}/Podfile.lock\" \"${PODS_ROOT}/Manifest.lock\" > /dev/null\nif [ $? != 0 ] ; then\n    # print error to STDERR\n    echo \"error: The sandbox is not in sync with the Podfile.lock. Run 'pod install' or update your CocoaPods installation.\" >&2\n    exit 1\nfi\n# This output is used by Xcode 'outputs' to avoid re-running this script phase.\necho \"SUCCESS\" > \"${SCRIPT_OUTPUT_FILE_0}\"\n";
			showEnvVarsInLog = 0;
		};
		18839BE43AE8624DBF37782C /* [CP] Check Pods Manifest.lock */ = {
			isa = PBXShellScriptBuildPhase;
			buildActionMask = 2147483647;
			files = (
			);
			inputFileListPaths = (
			);
			inputPaths = (
				"${PODS_PODFILE_DIR_PATH}/Podfile.lock",
				"${PODS_ROOT}/Manifest.lock",
			);
			name = "[CP] Check Pods Manifest.lock";
			outputFileListPaths = (
			);
			outputPaths = (
				"$(DERIVED_FILE_DIR)/Pods-Promise-checkManifestLockResult.txt",
			);
			runOnlyForDeploymentPostprocessing = 0;
			shellPath = /bin/sh;
			shellScript = "diff \"${PODS_PODFILE_DIR_PATH}/Podfile.lock\" \"${PODS_ROOT}/Manifest.lock\" > /dev/null\nif [ $? != 0 ] ; then\n    # print error to STDERR\n    echo \"error: The sandbox is not in sync with the Podfile.lock. Run 'pod install' or update your CocoaPods installation.\" >&2\n    exit 1\nfi\n# This output is used by Xcode 'outputs' to avoid re-running this script phase.\necho \"SUCCESS\" > \"${SCRIPT_OUTPUT_FILE_0}\"\n";
			showEnvVarsInLog = 0;
		};
		4BFFA6F6249CD25BB040D056 /* [CP] Embed Pods Frameworks */ = {
			isa = PBXShellScriptBuildPhase;
			buildActionMask = 2147483647;
			files = (
			);
			inputFileListPaths = (
				"${PODS_ROOT}/Target Support Files/Pods-Promise/Pods-Promise-frameworks-${CONFIGURATION}-input-files.xcfilelist",
			);
			name = "[CP] Embed Pods Frameworks";
			outputFileListPaths = (
				"${PODS_ROOT}/Target Support Files/Pods-Promise/Pods-Promise-frameworks-${CONFIGURATION}-output-files.xcfilelist",
			);
			runOnlyForDeploymentPostprocessing = 0;
			shellPath = /bin/sh;
			shellScript = "\"${PODS_ROOT}/Target Support Files/Pods-Promise/Pods-Promise-frameworks.sh\"\n";
			showEnvVarsInLog = 0;
		};
		4C0EAC0F32E7DC58152C0009 /* [CP] Embed Pods Frameworks */ = {
			isa = PBXShellScriptBuildPhase;
			buildActionMask = 2147483647;
			files = (
			);
			inputFileListPaths = (
				"${PODS_ROOT}/Target Support Files/Pods-Promise-PromiseUITests/Pods-Promise-PromiseUITests-frameworks-${CONFIGURATION}-input-files.xcfilelist",
			);
			name = "[CP] Embed Pods Frameworks";
			outputFileListPaths = (
				"${PODS_ROOT}/Target Support Files/Pods-Promise-PromiseUITests/Pods-Promise-PromiseUITests-frameworks-${CONFIGURATION}-output-files.xcfilelist",
			);
			runOnlyForDeploymentPostprocessing = 0;
			shellPath = /bin/sh;
			shellScript = "\"${PODS_ROOT}/Target Support Files/Pods-Promise-PromiseUITests/Pods-Promise-PromiseUITests-frameworks.sh\"\n";
			showEnvVarsInLog = 0;
		};
		D925B59B8EFCE89DBDC10540 /* [CP] Check Pods Manifest.lock */ = {
			isa = PBXShellScriptBuildPhase;
			buildActionMask = 2147483647;
			files = (
			);
			inputFileListPaths = (
			);
			inputPaths = (
				"${PODS_PODFILE_DIR_PATH}/Podfile.lock",
				"${PODS_ROOT}/Manifest.lock",
			);
			name = "[CP] Check Pods Manifest.lock";
			outputFileListPaths = (
			);
			outputPaths = (
				"$(DERIVED_FILE_DIR)/Pods-PromiseTests-checkManifestLockResult.txt",
			);
			runOnlyForDeploymentPostprocessing = 0;
			shellPath = /bin/sh;
			shellScript = "diff \"${PODS_PODFILE_DIR_PATH}/Podfile.lock\" \"${PODS_ROOT}/Manifest.lock\" > /dev/null\nif [ $? != 0 ] ; then\n    # print error to STDERR\n    echo \"error: The sandbox is not in sync with the Podfile.lock. Run 'pod install' or update your CocoaPods installation.\" >&2\n    exit 1\nfi\n# This output is used by Xcode 'outputs' to avoid re-running this script phase.\necho \"SUCCESS\" > \"${SCRIPT_OUTPUT_FILE_0}\"\n";
			showEnvVarsInLog = 0;
		};
		FC41B2592A781D9E00C1C592 /* Swift OpenAPI Generator */ = {
			isa = PBXShellScriptBuildPhase;
			buildActionMask = 2147483647;
			files = (
			);
			inputFileListPaths = (
			);
			inputPaths = (
			);
			name = "Swift OpenAPI Generator";
			outputFileListPaths = (
			);
			outputPaths = (
			);
			runOnlyForDeploymentPostprocessing = 0;
			shellPath = /bin/sh;
			shellScript = "# Type a script or drag a script file from your workspace to insert its path.\ncurl ${API_DOC_URL} > ${SRCROOT}/Promise/openapi.json\n";
		};
		FC59031A2A76A37300778305 /* SwiftGen Script */ = {
			isa = PBXShellScriptBuildPhase;
			buildActionMask = 2147483647;
			files = (
			);
			inputFileListPaths = (
			);
			inputPaths = (
			);
			name = "SwiftGen Script";
			outputFileListPaths = (
			);
			outputPaths = (
			);
			runOnlyForDeploymentPostprocessing = 0;
			shellPath = /bin/sh;
			shellScript = "# Type a script or drag a script file from your workspace to insert its path.\nif [[ -f \"${PODS_ROOT}/SwiftGen/bin/swiftgen\" ]]; then\n  \"${PODS_ROOT}/SwiftGen/bin/swiftgen\" config run --config Promise/swiftgen.yml\nelse\n  echo \"warning: SwiftGen is not installed. Run 'pod install --repo-update' to install it.\"\nfi\n";
		};
/* End PBXShellScriptBuildPhase section */

/* Begin PBXSourcesBuildPhase section */
		FC5974022A24D38700A642D7 /* Sources */ = {
			isa = PBXSourcesBuildPhase;
			buildActionMask = 2147483647;
			files = (
				FA820AA02A82791F00AD571C /* UIViewController.swift in Sources */,
				FC59743E2A24D59A00A642D7 /* UserMDL.swift in Sources */,
				FC41B2602A781E8700C1C592 /* LaunchVC.swift in Sources */,
				FCB9917E2A5B0FB200B82924 /* SignInVC.swift in Sources */,
				FAD2BFBE2A6AF359009E6461 /* UIColorHelper.swift in Sources */,
				FC41B2682A78239A00C1C592 /* Lotties.swift in Sources */,
				FAD2BFD72A6C2692009E6461 /* Button.swift in Sources */,
				FC7B5CEA2A2E1EA5002FC94E /* Config.swift in Sources */,
				FC5974442A24D5D000A642D7 /* APIService.swift in Sources */,
				FC59740E2A24D38700A642D7 /* MainVC.swift in Sources */,
				4A4719F02A37138B00812B29 /* ToastMessage.swift in Sources */,
				FA9C230A2A72BE0A007573A6 /* PopupVC.swift in Sources */,
				FAE2E0252A26385A002D8869 /* BaseButton.swift in Sources */,
				4AEBC3D12A4A91A1004E6EA5 /* PaddingLabel.swift in Sources */,
				FC41B25E2A781E6500C1C592 /* Task.swift in Sources */,
				FAD2BFD42A6AF8B9009E6461 /* FontHelper.swift in Sources */,
				FC59740A2A24D38700A642D7 /* AppDelegate.swift in Sources */,
				FC59033F2A76BA1400778305 /* Strings.swift in Sources */,
				FC59033E2A76BA1400778305 /* XCImages.swift in Sources */,
				FCB9917C2A5B0F3500B82924 /* UserService.swift in Sources */,
				FC0E4CA02A78088C00F9CA1C /* UIImage.swift in Sources */,
				FC59743B2A24D57600A642D7 /* SignInVM.swift in Sources */,
				FC4A7A972A616F060055FE4F /* Onboarding.swift in Sources */,
				FC59740C2A24D38700A642D7 /* SceneDelegate.swift in Sources */,
				FC5903492A76BE2900778305 /* String.swift in Sources */,
				FA0A29672A66F6D0004F44A5 /* CommonFloatingContentVC.swift in Sources */,
				FC41B2652A78231500C1C592 /* Fonts.swift in Sources */,
				FA0A29692A66F6E7004F44A5 /* CommonFloatingContainerVC.swift in Sources */,
			);
			runOnlyForDeploymentPostprocessing = 0;
		};
		FC5974182A24D38800A642D7 /* Sources */ = {
			isa = PBXSourcesBuildPhase;
			buildActionMask = 2147483647;
			files = (
				FC5974212A24D38800A642D7 /* PromiseTests.swift in Sources */,
			);
			runOnlyForDeploymentPostprocessing = 0;
		};
		FC5974222A24D38800A642D7 /* Sources */ = {
			isa = PBXSourcesBuildPhase;
			buildActionMask = 2147483647;
			files = (
				FC59742D2A24D38800A642D7 /* PromiseUITestsLaunchTests.swift in Sources */,
				FC59742B2A24D38800A642D7 /* PromiseUITests.swift in Sources */,
			);
			runOnlyForDeploymentPostprocessing = 0;
		};
/* End PBXSourcesBuildPhase section */

/* Begin PBXTargetDependency section */
		FC59741E2A24D38800A642D7 /* PBXTargetDependency */ = {
			isa = PBXTargetDependency;
			target = FC5974052A24D38700A642D7 /* Promise */;
			targetProxy = FC59741D2A24D38800A642D7 /* PBXContainerItemProxy */;
		};
		FC5974282A24D38800A642D7 /* PBXTargetDependency */ = {
			isa = PBXTargetDependency;
			target = FC5974052A24D38700A642D7 /* Promise */;
			targetProxy = FC5974272A24D38800A642D7 /* PBXContainerItemProxy */;
		};
		FCEAAB682A59DED60048192E /* PBXTargetDependency */ = {
			isa = PBXTargetDependency;
			productRef = FCEAAB672A59DED60048192E /* OpenAPIGenerator */;
		};
/* End PBXTargetDependency section */

/* Begin PBXVariantGroup section */
		FC59034D2A76D08300778305 /* Localizable.strings */ = {
			isa = PBXVariantGroup;
			children = (
				FC59034E2A76D08300778305 /* Base */,
				FC5903502A76D08F00778305 /* ko */,
				FC5903512A76D09000778305 /* en */,
			);
			name = Localizable.strings;
			sourceTree = "<group>";
		};
/* End PBXVariantGroup section */

/* Begin XCBuildConfiguration section */
		FC59742E2A24D38800A642D7 /* Debug (development) */ = {
			isa = XCBuildConfiguration;
			buildSettings = {
				ALWAYS_SEARCH_USER_PATHS = NO;
				CLANG_ANALYZER_NONNULL = YES;
				CLANG_ANALYZER_NUMBER_OBJECT_CONVERSION = YES_AGGRESSIVE;
				CLANG_CXX_LANGUAGE_STANDARD = "gnu++20";
				CLANG_ENABLE_MODULES = YES;
				CLANG_ENABLE_OBJC_ARC = YES;
				CLANG_ENABLE_OBJC_WEAK = YES;
				CLANG_WARN_BLOCK_CAPTURE_AUTORELEASING = YES;
				CLANG_WARN_BOOL_CONVERSION = YES;
				CLANG_WARN_COMMA = YES;
				CLANG_WARN_CONSTANT_CONVERSION = YES;
				CLANG_WARN_DEPRECATED_OBJC_IMPLEMENTATIONS = YES;
				CLANG_WARN_DIRECT_OBJC_ISA_USAGE = YES_ERROR;
				CLANG_WARN_DOCUMENTATION_COMMENTS = YES;
				CLANG_WARN_EMPTY_BODY = YES;
				CLANG_WARN_ENUM_CONVERSION = YES;
				CLANG_WARN_INFINITE_RECURSION = YES;
				CLANG_WARN_INT_CONVERSION = YES;
				CLANG_WARN_NON_LITERAL_NULL_CONVERSION = YES;
				CLANG_WARN_OBJC_IMPLICIT_RETAIN_SELF = YES;
				CLANG_WARN_OBJC_LITERAL_CONVERSION = YES;
				CLANG_WARN_OBJC_ROOT_CLASS = YES_ERROR;
				CLANG_WARN_QUOTED_INCLUDE_IN_FRAMEWORK_HEADER = YES;
				CLANG_WARN_RANGE_LOOP_ANALYSIS = YES;
				CLANG_WARN_STRICT_PROTOTYPES = YES;
				CLANG_WARN_SUSPICIOUS_MOVE = YES;
				CLANG_WARN_UNGUARDED_AVAILABILITY = YES_AGGRESSIVE;
				CLANG_WARN_UNREACHABLE_CODE = YES;
				CLANG_WARN__DUPLICATE_METHOD_MATCH = YES;
				COPY_PHASE_STRIP = NO;
				DEBUG_INFORMATION_FORMAT = dwarf;
				ENABLE_STRICT_OBJC_MSGSEND = YES;
				ENABLE_TESTABILITY = YES;
				GCC_C_LANGUAGE_STANDARD = gnu11;
				GCC_DYNAMIC_NO_PIC = NO;
				GCC_NO_COMMON_BLOCKS = YES;
				GCC_OPTIMIZATION_LEVEL = 0;
				GCC_PREPROCESSOR_DEFINITIONS = (
					"DEBUG=1",
					"$(inherited)",
				);
				GCC_WARN_64_TO_32_BIT_CONVERSION = YES;
				GCC_WARN_ABOUT_RETURN_TYPE = YES_ERROR;
				GCC_WARN_UNDECLARED_SELECTOR = YES;
				GCC_WARN_UNINITIALIZED_AUTOS = YES_AGGRESSIVE;
				GCC_WARN_UNUSED_FUNCTION = YES;
				GCC_WARN_UNUSED_VARIABLE = YES;
				IPHONEOS_DEPLOYMENT_TARGET = 13.0;
				MTL_ENABLE_DEBUG_INFO = INCLUDE_SOURCE;
				MTL_FAST_MATH = YES;
				ONLY_ACTIVE_ARCH = YES;
				SDKROOT = iphoneos;
				SWIFT_ACTIVE_COMPILATION_CONDITIONS = DEBUG;
				SWIFT_OPTIMIZATION_LEVEL = "-Onone";
			};
			name = "Debug (development)";
		};
		FC59742F2A24D38800A642D7 /* Release (development) */ = {
			isa = XCBuildConfiguration;
			buildSettings = {
				ALWAYS_SEARCH_USER_PATHS = NO;
				CLANG_ANALYZER_NONNULL = YES;
				CLANG_ANALYZER_NUMBER_OBJECT_CONVERSION = YES_AGGRESSIVE;
				CLANG_CXX_LANGUAGE_STANDARD = "gnu++20";
				CLANG_ENABLE_MODULES = YES;
				CLANG_ENABLE_OBJC_ARC = YES;
				CLANG_ENABLE_OBJC_WEAK = YES;
				CLANG_WARN_BLOCK_CAPTURE_AUTORELEASING = YES;
				CLANG_WARN_BOOL_CONVERSION = YES;
				CLANG_WARN_COMMA = YES;
				CLANG_WARN_CONSTANT_CONVERSION = YES;
				CLANG_WARN_DEPRECATED_OBJC_IMPLEMENTATIONS = YES;
				CLANG_WARN_DIRECT_OBJC_ISA_USAGE = YES_ERROR;
				CLANG_WARN_DOCUMENTATION_COMMENTS = YES;
				CLANG_WARN_EMPTY_BODY = YES;
				CLANG_WARN_ENUM_CONVERSION = YES;
				CLANG_WARN_INFINITE_RECURSION = YES;
				CLANG_WARN_INT_CONVERSION = YES;
				CLANG_WARN_NON_LITERAL_NULL_CONVERSION = YES;
				CLANG_WARN_OBJC_IMPLICIT_RETAIN_SELF = YES;
				CLANG_WARN_OBJC_LITERAL_CONVERSION = YES;
				CLANG_WARN_OBJC_ROOT_CLASS = YES_ERROR;
				CLANG_WARN_QUOTED_INCLUDE_IN_FRAMEWORK_HEADER = YES;
				CLANG_WARN_RANGE_LOOP_ANALYSIS = YES;
				CLANG_WARN_STRICT_PROTOTYPES = YES;
				CLANG_WARN_SUSPICIOUS_MOVE = YES;
				CLANG_WARN_UNGUARDED_AVAILABILITY = YES_AGGRESSIVE;
				CLANG_WARN_UNREACHABLE_CODE = YES;
				CLANG_WARN__DUPLICATE_METHOD_MATCH = YES;
				COPY_PHASE_STRIP = NO;
				DEBUG_INFORMATION_FORMAT = "dwarf-with-dsym";
				ENABLE_NS_ASSERTIONS = NO;
				ENABLE_STRICT_OBJC_MSGSEND = YES;
				GCC_C_LANGUAGE_STANDARD = gnu11;
				GCC_NO_COMMON_BLOCKS = YES;
				GCC_WARN_64_TO_32_BIT_CONVERSION = YES;
				GCC_WARN_ABOUT_RETURN_TYPE = YES_ERROR;
				GCC_WARN_UNDECLARED_SELECTOR = YES;
				GCC_WARN_UNINITIALIZED_AUTOS = YES_AGGRESSIVE;
				GCC_WARN_UNUSED_FUNCTION = YES;
				GCC_WARN_UNUSED_VARIABLE = YES;
				IPHONEOS_DEPLOYMENT_TARGET = 13.0;
				MTL_ENABLE_DEBUG_INFO = NO;
				MTL_FAST_MATH = YES;
				SDKROOT = iphoneos;
				SWIFT_COMPILATION_MODE = wholemodule;
				SWIFT_OPTIMIZATION_LEVEL = "-O";
				VALIDATE_PRODUCT = YES;
			};
			name = "Release (development)";
		};
		FC5974312A24D38800A642D7 /* Debug (development) */ = {
			isa = XCBuildConfiguration;
			baseConfigurationReference = FC7B5CDF2A2E099A002FC94E /* development.xcconfig */;
			buildSettings = {
				ASSETCATALOG_COMPILER_APPICON_NAME = AppIcon;
				ASSETCATALOG_COMPILER_GLOBAL_ACCENT_COLOR_NAME = AccentColor;
				CODE_SIGN_ENTITLEMENTS = Promise/Promise.entitlements;
				"CODE_SIGN_IDENTITY[sdk=iphoneos*]" = "iPhone Developer";
				CODE_SIGN_STYLE = Manual;
				CURRENT_PROJECT_VERSION = 1;
				DEVELOPMENT_TEAM = "";
				"DEVELOPMENT_TEAM[sdk=iphoneos*]" = DQNSTQBH74;
				GENERATE_INFOPLIST_FILE = YES;
				INFOPLIST_FILE = Promise/Info.plist;
				INFOPLIST_KEY_UIApplicationSupportsIndirectInputEvents = YES;
				INFOPLIST_KEY_UILaunchStoryboardName = LaunchScreen;
				INFOPLIST_KEY_UISupportedInterfaceOrientations_iPad = "UIInterfaceOrientationPortrait UIInterfaceOrientationPortraitUpsideDown UIInterfaceOrientationLandscapeLeft UIInterfaceOrientationLandscapeRight";
				INFOPLIST_KEY_UISupportedInterfaceOrientations_iPhone = "UIInterfaceOrientationPortrait UIInterfaceOrientationLandscapeLeft UIInterfaceOrientationLandscapeRight";
				IPHONEOS_DEPLOYMENT_TARGET = 13.0;
				LD_RUNPATH_SEARCH_PATHS = (
					"$(inherited)",
					"@executable_path/Frameworks",
				);
				MARKETING_VERSION = 1.0;
				PRODUCT_BUNDLE_IDENTIFIER = "com.promise-team.promise";
				PRODUCT_NAME = "$(TARGET_NAME)";
				PROVISIONING_PROFILE_SPECIFIER = "";
				"PROVISIONING_PROFILE_SPECIFIER[sdk=iphoneos*]" = "provisioning-profile-debug";
				SWIFT_EMIT_LOC_STRINGS = YES;
				SWIFT_VERSION = 5.0;
				TARGETED_DEVICE_FAMILY = "1,2";
			};
			name = "Debug (development)";
		};
		FC5974322A24D38800A642D7 /* Release (development) */ = {
			isa = XCBuildConfiguration;
			baseConfigurationReference = FC7B5CDF2A2E099A002FC94E /* development.xcconfig */;
			buildSettings = {
				ASSETCATALOG_COMPILER_APPICON_NAME = AppIcon;
				ASSETCATALOG_COMPILER_GLOBAL_ACCENT_COLOR_NAME = AccentColor;
				CODE_SIGN_ENTITLEMENTS = Promise/Promise.entitlements;
				"CODE_SIGN_IDENTITY[sdk=iphoneos*]" = "iPhone Distribution";
				CODE_SIGN_STYLE = Manual;
				CURRENT_PROJECT_VERSION = 1;
				DEVELOPMENT_TEAM = "";
				"DEVELOPMENT_TEAM[sdk=iphoneos*]" = DQNSTQBH74;
				GENERATE_INFOPLIST_FILE = YES;
				INFOPLIST_FILE = Promise/Info.plist;
				INFOPLIST_KEY_UIApplicationSupportsIndirectInputEvents = YES;
				INFOPLIST_KEY_UILaunchStoryboardName = LaunchScreen;
				INFOPLIST_KEY_UISupportedInterfaceOrientations_iPad = "UIInterfaceOrientationPortrait UIInterfaceOrientationPortraitUpsideDown UIInterfaceOrientationLandscapeLeft UIInterfaceOrientationLandscapeRight";
				INFOPLIST_KEY_UISupportedInterfaceOrientations_iPhone = "UIInterfaceOrientationPortrait UIInterfaceOrientationLandscapeLeft UIInterfaceOrientationLandscapeRight";
				IPHONEOS_DEPLOYMENT_TARGET = 13.0;
				LD_RUNPATH_SEARCH_PATHS = (
					"$(inherited)",
					"@executable_path/Frameworks",
				);
				MARKETING_VERSION = 1.0;
				PRODUCT_BUNDLE_IDENTIFIER = "com.promise-team.promise";
				PRODUCT_NAME = "$(TARGET_NAME)";
				PROVISIONING_PROFILE_SPECIFIER = "";
				"PROVISIONING_PROFILE_SPECIFIER[sdk=iphoneos*]" = "provisioning-profile-release";
				SWIFT_EMIT_LOC_STRINGS = YES;
				SWIFT_VERSION = 5.0;
				TARGETED_DEVICE_FAMILY = "1,2";
			};
			name = "Release (development)";
		};
		FC5974342A24D38800A642D7 /* Debug (development) */ = {
			isa = XCBuildConfiguration;
			baseConfigurationReference = 3AB1F030130858ADFE8A8262 /* Pods-PromiseTests.debug (development).xcconfig */;
			buildSettings = {
				ALWAYS_EMBED_SWIFT_STANDARD_LIBRARIES = YES;
				BUNDLE_LOADER = "$(TEST_HOST)";
				CODE_SIGN_STYLE = Automatic;
				CURRENT_PROJECT_VERSION = 1;
				DEVELOPMENT_TEAM = DQNSTQBH74;
				GENERATE_INFOPLIST_FILE = YES;
				IPHONEOS_DEPLOYMENT_TARGET = 13.0;
				MARKETING_VERSION = 1.0;
				PRODUCT_BUNDLE_IDENTIFIER = "com.promise-team.PromiseTests";
				PRODUCT_NAME = "$(TARGET_NAME)";
				SWIFT_EMIT_LOC_STRINGS = NO;
				SWIFT_VERSION = 5.0;
				TARGETED_DEVICE_FAMILY = "1,2";
				TEST_HOST = "$(BUILT_PRODUCTS_DIR)/Promise.app/$(BUNDLE_EXECUTABLE_FOLDER_PATH)/Promise";
			};
			name = "Debug (development)";
		};
		FC5974352A24D38800A642D7 /* Release (development) */ = {
			isa = XCBuildConfiguration;
			baseConfigurationReference = AB489541AF605C0A3F802C59 /* Pods-PromiseTests.release (development).xcconfig */;
			buildSettings = {
				ALWAYS_EMBED_SWIFT_STANDARD_LIBRARIES = YES;
				BUNDLE_LOADER = "$(TEST_HOST)";
				CODE_SIGN_STYLE = Automatic;
				CURRENT_PROJECT_VERSION = 1;
				DEVELOPMENT_TEAM = DQNSTQBH74;
				GENERATE_INFOPLIST_FILE = YES;
				IPHONEOS_DEPLOYMENT_TARGET = 13.0;
				MARKETING_VERSION = 1.0;
				PRODUCT_BUNDLE_IDENTIFIER = "com.promise-team.PromiseTests";
				PRODUCT_NAME = "$(TARGET_NAME)";
				SWIFT_EMIT_LOC_STRINGS = NO;
				SWIFT_VERSION = 5.0;
				TARGETED_DEVICE_FAMILY = "1,2";
				TEST_HOST = "$(BUILT_PRODUCTS_DIR)/Promise.app/$(BUNDLE_EXECUTABLE_FOLDER_PATH)/Promise";
			};
			name = "Release (development)";
		};
		FC5974372A24D38800A642D7 /* Debug (development) */ = {
			isa = XCBuildConfiguration;
			baseConfigurationReference = ADFDB7C0C4B339F6E5621D18 /* Pods-Promise-PromiseUITests.debug (development).xcconfig */;
			buildSettings = {
				ALWAYS_EMBED_SWIFT_STANDARD_LIBRARIES = "$(inherited)";
				CODE_SIGN_STYLE = Automatic;
				CURRENT_PROJECT_VERSION = 1;
				DEVELOPMENT_TEAM = DQNSTQBH74;
				GENERATE_INFOPLIST_FILE = YES;
				MARKETING_VERSION = 1.0;
				PRODUCT_BUNDLE_IDENTIFIER = "com.promise-team.PromiseUITests";
				PRODUCT_NAME = "$(TARGET_NAME)";
				SWIFT_EMIT_LOC_STRINGS = NO;
				SWIFT_VERSION = 5.0;
				TARGETED_DEVICE_FAMILY = "1,2";
				TEST_TARGET_NAME = Promise;
			};
			name = "Debug (development)";
		};
		FC5974382A24D38800A642D7 /* Release (development) */ = {
			isa = XCBuildConfiguration;
			baseConfigurationReference = 98B9A278DE609001C3C70F30 /* Pods-Promise-PromiseUITests.release (development).xcconfig */;
			buildSettings = {
				ALWAYS_EMBED_SWIFT_STANDARD_LIBRARIES = "$(inherited)";
				CODE_SIGN_STYLE = Automatic;
				CURRENT_PROJECT_VERSION = 1;
				DEVELOPMENT_TEAM = DQNSTQBH74;
				GENERATE_INFOPLIST_FILE = YES;
				MARKETING_VERSION = 1.0;
				PRODUCT_BUNDLE_IDENTIFIER = "com.promise-team.PromiseUITests";
				PRODUCT_NAME = "$(TARGET_NAME)";
				SWIFT_EMIT_LOC_STRINGS = NO;
				SWIFT_VERSION = 5.0;
				TARGETED_DEVICE_FAMILY = "1,2";
				TEST_TARGET_NAME = Promise;
			};
			name = "Release (development)";
		};
		FC7B5CE12A2E0DED002FC94E /* Debug (production) */ = {
			isa = XCBuildConfiguration;
			buildSettings = {
				ALWAYS_SEARCH_USER_PATHS = NO;
				CLANG_ANALYZER_NONNULL = YES;
				CLANG_ANALYZER_NUMBER_OBJECT_CONVERSION = YES_AGGRESSIVE;
				CLANG_CXX_LANGUAGE_STANDARD = "gnu++20";
				CLANG_ENABLE_MODULES = YES;
				CLANG_ENABLE_OBJC_ARC = YES;
				CLANG_ENABLE_OBJC_WEAK = YES;
				CLANG_WARN_BLOCK_CAPTURE_AUTORELEASING = YES;
				CLANG_WARN_BOOL_CONVERSION = YES;
				CLANG_WARN_COMMA = YES;
				CLANG_WARN_CONSTANT_CONVERSION = YES;
				CLANG_WARN_DEPRECATED_OBJC_IMPLEMENTATIONS = YES;
				CLANG_WARN_DIRECT_OBJC_ISA_USAGE = YES_ERROR;
				CLANG_WARN_DOCUMENTATION_COMMENTS = YES;
				CLANG_WARN_EMPTY_BODY = YES;
				CLANG_WARN_ENUM_CONVERSION = YES;
				CLANG_WARN_INFINITE_RECURSION = YES;
				CLANG_WARN_INT_CONVERSION = YES;
				CLANG_WARN_NON_LITERAL_NULL_CONVERSION = YES;
				CLANG_WARN_OBJC_IMPLICIT_RETAIN_SELF = YES;
				CLANG_WARN_OBJC_LITERAL_CONVERSION = YES;
				CLANG_WARN_OBJC_ROOT_CLASS = YES_ERROR;
				CLANG_WARN_QUOTED_INCLUDE_IN_FRAMEWORK_HEADER = YES;
				CLANG_WARN_RANGE_LOOP_ANALYSIS = YES;
				CLANG_WARN_STRICT_PROTOTYPES = YES;
				CLANG_WARN_SUSPICIOUS_MOVE = YES;
				CLANG_WARN_UNGUARDED_AVAILABILITY = YES_AGGRESSIVE;
				CLANG_WARN_UNREACHABLE_CODE = YES;
				CLANG_WARN__DUPLICATE_METHOD_MATCH = YES;
				COPY_PHASE_STRIP = NO;
				DEBUG_INFORMATION_FORMAT = dwarf;
				ENABLE_STRICT_OBJC_MSGSEND = YES;
				ENABLE_TESTABILITY = YES;
				GCC_C_LANGUAGE_STANDARD = gnu11;
				GCC_DYNAMIC_NO_PIC = NO;
				GCC_NO_COMMON_BLOCKS = YES;
				GCC_OPTIMIZATION_LEVEL = 0;
				GCC_PREPROCESSOR_DEFINITIONS = (
					"DEBUG=1",
					"$(inherited)",
				);
				GCC_WARN_64_TO_32_BIT_CONVERSION = YES;
				GCC_WARN_ABOUT_RETURN_TYPE = YES_ERROR;
				GCC_WARN_UNDECLARED_SELECTOR = YES;
				GCC_WARN_UNINITIALIZED_AUTOS = YES_AGGRESSIVE;
				GCC_WARN_UNUSED_FUNCTION = YES;
				GCC_WARN_UNUSED_VARIABLE = YES;
				IPHONEOS_DEPLOYMENT_TARGET = 13.0;
				MTL_ENABLE_DEBUG_INFO = INCLUDE_SOURCE;
				MTL_FAST_MATH = YES;
				ONLY_ACTIVE_ARCH = YES;
				SDKROOT = iphoneos;
				SWIFT_ACTIVE_COMPILATION_CONDITIONS = DEBUG;
				SWIFT_OPTIMIZATION_LEVEL = "-Onone";
			};
			name = "Debug (production)";
		};
		FC7B5CE22A2E0DED002FC94E /* Debug (production) */ = {
			isa = XCBuildConfiguration;
			baseConfigurationReference = FC7B5CE02A2E0D55002FC94E /* production.xcconfig */;
			buildSettings = {
				ASSETCATALOG_COMPILER_APPICON_NAME = AppIcon;
				ASSETCATALOG_COMPILER_GLOBAL_ACCENT_COLOR_NAME = AccentColor;
				CODE_SIGN_ENTITLEMENTS = Promise/Promise.entitlements;
				"CODE_SIGN_IDENTITY[sdk=iphoneos*]" = "iPhone Developer";
				CODE_SIGN_STYLE = Manual;
				CURRENT_PROJECT_VERSION = 1;
				DEVELOPMENT_TEAM = "";
				"DEVELOPMENT_TEAM[sdk=iphoneos*]" = DQNSTQBH74;
				GENERATE_INFOPLIST_FILE = YES;
				INFOPLIST_FILE = Promise/Info.plist;
				INFOPLIST_KEY_UIApplicationSupportsIndirectInputEvents = YES;
				INFOPLIST_KEY_UILaunchStoryboardName = LaunchScreen;
				INFOPLIST_KEY_UISupportedInterfaceOrientations_iPad = "UIInterfaceOrientationPortrait UIInterfaceOrientationPortraitUpsideDown UIInterfaceOrientationLandscapeLeft UIInterfaceOrientationLandscapeRight";
				INFOPLIST_KEY_UISupportedInterfaceOrientations_iPhone = "UIInterfaceOrientationPortrait UIInterfaceOrientationLandscapeLeft UIInterfaceOrientationLandscapeRight";
				LD_RUNPATH_SEARCH_PATHS = (
					"$(inherited)",
					"@executable_path/Frameworks",
				);
				MARKETING_VERSION = 1.0;
				PRODUCT_BUNDLE_IDENTIFIER = "com.promise-team.promise";
				PRODUCT_NAME = "$(TARGET_NAME)";
				PROVISIONING_PROFILE_SPECIFIER = "";
				"PROVISIONING_PROFILE_SPECIFIER[sdk=iphoneos*]" = "provisioning-profile-debug";
				SWIFT_EMIT_LOC_STRINGS = YES;
				SWIFT_VERSION = 5.0;
				TARGETED_DEVICE_FAMILY = "1,2";
			};
			name = "Debug (production)";
		};
		FC7B5CE32A2E0DED002FC94E /* Debug (production) */ = {
			isa = XCBuildConfiguration;
			baseConfigurationReference = 578512A51520FB30B443D6FB /* Pods-PromiseTests.debug (production).xcconfig */;
			buildSettings = {
				ALWAYS_EMBED_SWIFT_STANDARD_LIBRARIES = YES;
				BUNDLE_LOADER = "$(TEST_HOST)";
				CODE_SIGN_STYLE = Automatic;
				CURRENT_PROJECT_VERSION = 1;
				DEVELOPMENT_TEAM = DQNSTQBH74;
				GENERATE_INFOPLIST_FILE = YES;
				IPHONEOS_DEPLOYMENT_TARGET = 13.0;
				MARKETING_VERSION = 1.0;
				PRODUCT_BUNDLE_IDENTIFIER = "com.promise-team.PromiseTests";
				PRODUCT_NAME = "$(TARGET_NAME)";
				SWIFT_EMIT_LOC_STRINGS = NO;
				SWIFT_VERSION = 5.0;
				TARGETED_DEVICE_FAMILY = "1,2";
				TEST_HOST = "$(BUILT_PRODUCTS_DIR)/Promise.app/$(BUNDLE_EXECUTABLE_FOLDER_PATH)/Promise";
			};
			name = "Debug (production)";
		};
		FC7B5CE42A2E0DED002FC94E /* Debug (production) */ = {
			isa = XCBuildConfiguration;
			baseConfigurationReference = ADEFA7F8E2C92194FC6879A6 /* Pods-Promise-PromiseUITests.debug (production).xcconfig */;
			buildSettings = {
				ALWAYS_EMBED_SWIFT_STANDARD_LIBRARIES = "$(inherited)";
				CODE_SIGN_STYLE = Automatic;
				CURRENT_PROJECT_VERSION = 1;
				DEVELOPMENT_TEAM = DQNSTQBH74;
				GENERATE_INFOPLIST_FILE = YES;
				MARKETING_VERSION = 1.0;
				PRODUCT_BUNDLE_IDENTIFIER = "com.promise-team.PromiseUITests";
				PRODUCT_NAME = "$(TARGET_NAME)";
				SWIFT_EMIT_LOC_STRINGS = NO;
				SWIFT_VERSION = 5.0;
				TARGETED_DEVICE_FAMILY = "1,2";
				TEST_TARGET_NAME = Promise;
			};
			name = "Debug (production)";
		};
		FC7B5CE52A2E0DFE002FC94E /* Release (production) */ = {
			isa = XCBuildConfiguration;
			buildSettings = {
				ALWAYS_SEARCH_USER_PATHS = NO;
				CLANG_ANALYZER_NONNULL = YES;
				CLANG_ANALYZER_NUMBER_OBJECT_CONVERSION = YES_AGGRESSIVE;
				CLANG_CXX_LANGUAGE_STANDARD = "gnu++20";
				CLANG_ENABLE_MODULES = YES;
				CLANG_ENABLE_OBJC_ARC = YES;
				CLANG_ENABLE_OBJC_WEAK = YES;
				CLANG_WARN_BLOCK_CAPTURE_AUTORELEASING = YES;
				CLANG_WARN_BOOL_CONVERSION = YES;
				CLANG_WARN_COMMA = YES;
				CLANG_WARN_CONSTANT_CONVERSION = YES;
				CLANG_WARN_DEPRECATED_OBJC_IMPLEMENTATIONS = YES;
				CLANG_WARN_DIRECT_OBJC_ISA_USAGE = YES_ERROR;
				CLANG_WARN_DOCUMENTATION_COMMENTS = YES;
				CLANG_WARN_EMPTY_BODY = YES;
				CLANG_WARN_ENUM_CONVERSION = YES;
				CLANG_WARN_INFINITE_RECURSION = YES;
				CLANG_WARN_INT_CONVERSION = YES;
				CLANG_WARN_NON_LITERAL_NULL_CONVERSION = YES;
				CLANG_WARN_OBJC_IMPLICIT_RETAIN_SELF = YES;
				CLANG_WARN_OBJC_LITERAL_CONVERSION = YES;
				CLANG_WARN_OBJC_ROOT_CLASS = YES_ERROR;
				CLANG_WARN_QUOTED_INCLUDE_IN_FRAMEWORK_HEADER = YES;
				CLANG_WARN_RANGE_LOOP_ANALYSIS = YES;
				CLANG_WARN_STRICT_PROTOTYPES = YES;
				CLANG_WARN_SUSPICIOUS_MOVE = YES;
				CLANG_WARN_UNGUARDED_AVAILABILITY = YES_AGGRESSIVE;
				CLANG_WARN_UNREACHABLE_CODE = YES;
				CLANG_WARN__DUPLICATE_METHOD_MATCH = YES;
				COPY_PHASE_STRIP = NO;
				DEBUG_INFORMATION_FORMAT = "dwarf-with-dsym";
				ENABLE_NS_ASSERTIONS = NO;
				ENABLE_STRICT_OBJC_MSGSEND = YES;
				GCC_C_LANGUAGE_STANDARD = gnu11;
				GCC_NO_COMMON_BLOCKS = YES;
				GCC_WARN_64_TO_32_BIT_CONVERSION = YES;
				GCC_WARN_ABOUT_RETURN_TYPE = YES_ERROR;
				GCC_WARN_UNDECLARED_SELECTOR = YES;
				GCC_WARN_UNINITIALIZED_AUTOS = YES_AGGRESSIVE;
				GCC_WARN_UNUSED_FUNCTION = YES;
				GCC_WARN_UNUSED_VARIABLE = YES;
				IPHONEOS_DEPLOYMENT_TARGET = 13.0;
				MTL_ENABLE_DEBUG_INFO = NO;
				MTL_FAST_MATH = YES;
				SDKROOT = iphoneos;
				SWIFT_COMPILATION_MODE = wholemodule;
				SWIFT_OPTIMIZATION_LEVEL = "-O";
				VALIDATE_PRODUCT = YES;
			};
			name = "Release (production)";
		};
		FC7B5CE62A2E0DFE002FC94E /* Release (production) */ = {
			isa = XCBuildConfiguration;
			baseConfigurationReference = FC7B5CE02A2E0D55002FC94E /* production.xcconfig */;
			buildSettings = {
				ASSETCATALOG_COMPILER_APPICON_NAME = AppIcon;
				ASSETCATALOG_COMPILER_GLOBAL_ACCENT_COLOR_NAME = AccentColor;
				CODE_SIGN_ENTITLEMENTS = Promise/Promise.entitlements;
				"CODE_SIGN_IDENTITY[sdk=iphoneos*]" = "iPhone Distribution";
				CODE_SIGN_STYLE = Manual;
				CURRENT_PROJECT_VERSION = 1;
				DEVELOPMENT_TEAM = "";
				"DEVELOPMENT_TEAM[sdk=iphoneos*]" = DQNSTQBH74;
				GENERATE_INFOPLIST_FILE = YES;
				INFOPLIST_FILE = Promise/Info.plist;
				INFOPLIST_KEY_UIApplicationSupportsIndirectInputEvents = YES;
				INFOPLIST_KEY_UILaunchStoryboardName = LaunchScreen;
				INFOPLIST_KEY_UISupportedInterfaceOrientations_iPad = "UIInterfaceOrientationPortrait UIInterfaceOrientationPortraitUpsideDown UIInterfaceOrientationLandscapeLeft UIInterfaceOrientationLandscapeRight";
				INFOPLIST_KEY_UISupportedInterfaceOrientations_iPhone = "UIInterfaceOrientationPortrait UIInterfaceOrientationLandscapeLeft UIInterfaceOrientationLandscapeRight";
				LD_RUNPATH_SEARCH_PATHS = (
					"$(inherited)",
					"@executable_path/Frameworks",
				);
				MARKETING_VERSION = 1.0;
				PRODUCT_BUNDLE_IDENTIFIER = "com.promise-team.promise";
				PRODUCT_NAME = "$(TARGET_NAME)";
				PROVISIONING_PROFILE_SPECIFIER = "";
				"PROVISIONING_PROFILE_SPECIFIER[sdk=iphoneos*]" = "provisioning-profile-release";
				SWIFT_EMIT_LOC_STRINGS = YES;
				SWIFT_VERSION = 5.0;
				TARGETED_DEVICE_FAMILY = "1,2";
			};
			name = "Release (production)";
		};
		FC7B5CE72A2E0DFE002FC94E /* Release (production) */ = {
			isa = XCBuildConfiguration;
			baseConfigurationReference = BAF4E08C267DD0E79D88427C /* Pods-PromiseTests.release (production).xcconfig */;
			buildSettings = {
				ALWAYS_EMBED_SWIFT_STANDARD_LIBRARIES = YES;
				BUNDLE_LOADER = "$(TEST_HOST)";
				CODE_SIGN_STYLE = Automatic;
				CURRENT_PROJECT_VERSION = 1;
				DEVELOPMENT_TEAM = DQNSTQBH74;
				GENERATE_INFOPLIST_FILE = YES;
				IPHONEOS_DEPLOYMENT_TARGET = 13.0;
				MARKETING_VERSION = 1.0;
				PRODUCT_BUNDLE_IDENTIFIER = "com.promise-team.PromiseTests";
				PRODUCT_NAME = "$(TARGET_NAME)";
				SWIFT_EMIT_LOC_STRINGS = NO;
				SWIFT_VERSION = 5.0;
				TARGETED_DEVICE_FAMILY = "1,2";
				TEST_HOST = "$(BUILT_PRODUCTS_DIR)/Promise.app/$(BUNDLE_EXECUTABLE_FOLDER_PATH)/Promise";
			};
			name = "Release (production)";
		};
		FC7B5CE82A2E0DFE002FC94E /* Release (production) */ = {
			isa = XCBuildConfiguration;
			baseConfigurationReference = E05ABACA1B55DE44E538CD23 /* Pods-Promise-PromiseUITests.release (production).xcconfig */;
			buildSettings = {
				ALWAYS_EMBED_SWIFT_STANDARD_LIBRARIES = "$(inherited)";
				CODE_SIGN_STYLE = Automatic;
				CURRENT_PROJECT_VERSION = 1;
				DEVELOPMENT_TEAM = DQNSTQBH74;
				GENERATE_INFOPLIST_FILE = YES;
				MARKETING_VERSION = 1.0;
				PRODUCT_BUNDLE_IDENTIFIER = "com.promise-team.PromiseUITests";
				PRODUCT_NAME = "$(TARGET_NAME)";
				SWIFT_EMIT_LOC_STRINGS = NO;
				SWIFT_VERSION = 5.0;
				TARGETED_DEVICE_FAMILY = "1,2";
				TEST_TARGET_NAME = Promise;
			};
			name = "Release (production)";
		};
/* End XCBuildConfiguration section */

/* Begin XCConfigurationList section */
		FC5974012A24D38700A642D7 /* Build configuration list for PBXProject "Promise" */ = {
			isa = XCConfigurationList;
			buildConfigurations = (
				FC59742E2A24D38800A642D7 /* Debug (development) */,
				FC7B5CE12A2E0DED002FC94E /* Debug (production) */,
				FC59742F2A24D38800A642D7 /* Release (development) */,
				FC7B5CE52A2E0DFE002FC94E /* Release (production) */,
			);
			defaultConfigurationIsVisible = 0;
			defaultConfigurationName = "Release (development)";
		};
		FC5974302A24D38800A642D7 /* Build configuration list for PBXNativeTarget "Promise" */ = {
			isa = XCConfigurationList;
			buildConfigurations = (
				FC5974312A24D38800A642D7 /* Debug (development) */,
				FC7B5CE22A2E0DED002FC94E /* Debug (production) */,
				FC5974322A24D38800A642D7 /* Release (development) */,
				FC7B5CE62A2E0DFE002FC94E /* Release (production) */,
			);
			defaultConfigurationIsVisible = 0;
			defaultConfigurationName = "Release (development)";
		};
		FC5974332A24D38800A642D7 /* Build configuration list for PBXNativeTarget "PromiseTests" */ = {
			isa = XCConfigurationList;
			buildConfigurations = (
				FC5974342A24D38800A642D7 /* Debug (development) */,
				FC7B5CE32A2E0DED002FC94E /* Debug (production) */,
				FC5974352A24D38800A642D7 /* Release (development) */,
				FC7B5CE72A2E0DFE002FC94E /* Release (production) */,
			);
			defaultConfigurationIsVisible = 0;
			defaultConfigurationName = "Release (development)";
		};
		FC5974362A24D38800A642D7 /* Build configuration list for PBXNativeTarget "PromiseUITests" */ = {
			isa = XCConfigurationList;
			buildConfigurations = (
				FC5974372A24D38800A642D7 /* Debug (development) */,
				FC7B5CE42A2E0DED002FC94E /* Debug (production) */,
				FC5974382A24D38800A642D7 /* Release (development) */,
				FC7B5CE82A2E0DFE002FC94E /* Release (production) */,
			);
			defaultConfigurationIsVisible = 0;
			defaultConfigurationName = "Release (development)";
		};
/* End XCConfigurationList section */

/* Begin XCRemoteSwiftPackageReference section */
		FC4A7AB72A6448790055FE4F /* XCRemoteSwiftPackageReference "GoogleSignIn-iOS" */ = {
			isa = XCRemoteSwiftPackageReference;
			repositoryURL = "https://github.com/google/GoogleSignIn-iOS";
			requirement = {
				kind = upToNextMinorVersion;
				minimumVersion = 7.0.0;
			};
		};
		FC516E012A6D108400709F1E /* XCRemoteSwiftPackageReference "JWTDecode.swift" */ = {
			isa = XCRemoteSwiftPackageReference;
			repositoryURL = "https://github.com/auth0/JWTDecode.swift.git";
			requirement = {
				kind = upToNextMinorVersion;
				minimumVersion = 3.1.0;
			};
		};
		FCB991732A5B049200B82924 /* XCRemoteSwiftPackageReference "kakao-ios-sdk" */ = {
			isa = XCRemoteSwiftPackageReference;
			repositoryURL = "https://github.com/kakao/kakao-ios-sdk";
			requirement = {
				kind = upToNextMinorVersion;
				minimumVersion = 2.15.0;
			};
		};
		FCEAAB542A59DBF00048192E /* XCRemoteSwiftPackageReference "swift-openapi-runtime" */ = {
			isa = XCRemoteSwiftPackageReference;
			repositoryURL = "https://github.com/apple/swift-openapi-runtime";
			requirement = {
				kind = upToNextMinorVersion;
				minimumVersion = 0.1.4;
			};
		};
		FCEAAB572A59DC040048192E /* XCRemoteSwiftPackageReference "swift-openapi-generator" */ = {
			isa = XCRemoteSwiftPackageReference;
			repositoryURL = "https://github.com/apple/swift-openapi-generator";
			requirement = {
				kind = upToNextMinorVersion;
				minimumVersion = 0.1.3;
			};
		};
		FCEAAB582A59DC180048192E /* XCRemoteSwiftPackageReference "swift-openapi-urlsession" */ = {
			isa = XCRemoteSwiftPackageReference;
			repositoryURL = "https://github.com/apple/swift-openapi-urlsession";
			requirement = {
				kind = upToNextMinorVersion;
				minimumVersion = 0.1.1;
			};
		};
/* End XCRemoteSwiftPackageReference section */

/* Begin XCSwiftPackageProductDependency section */
		FC4A7AB82A6448790055FE4F /* GoogleSignIn */ = {
			isa = XCSwiftPackageProductDependency;
			package = FC4A7AB72A6448790055FE4F /* XCRemoteSwiftPackageReference "GoogleSignIn-iOS" */;
			productName = GoogleSignIn;
		};
		FC516E022A6D108400709F1E /* JWTDecode */ = {
			isa = XCSwiftPackageProductDependency;
			package = FC516E012A6D108400709F1E /* XCRemoteSwiftPackageReference "JWTDecode.swift" */;
			productName = JWTDecode;
		};
		FCB991742A5B049200B82924 /* KakaoSDKAuth */ = {
			isa = XCSwiftPackageProductDependency;
			package = FCB991732A5B049200B82924 /* XCRemoteSwiftPackageReference "kakao-ios-sdk" */;
			productName = KakaoSDKAuth;
		};
		FCB991762A5B049200B82924 /* KakaoSDKCommon */ = {
			isa = XCSwiftPackageProductDependency;
			package = FCB991732A5B049200B82924 /* XCRemoteSwiftPackageReference "kakao-ios-sdk" */;
			productName = KakaoSDKCommon;
		};
		FCB991782A5B049200B82924 /* KakaoSDKUser */ = {
			isa = XCSwiftPackageProductDependency;
			package = FCB991732A5B049200B82924 /* XCRemoteSwiftPackageReference "kakao-ios-sdk" */;
			productName = KakaoSDKUser;
		};
		FCEAAB552A59DBF00048192E /* OpenAPIRuntime */ = {
			isa = XCSwiftPackageProductDependency;
			package = FCEAAB542A59DBF00048192E /* XCRemoteSwiftPackageReference "swift-openapi-runtime" */;
			productName = OpenAPIRuntime;
		};
		FCEAAB592A59DC180048192E /* OpenAPIURLSession */ = {
			isa = XCSwiftPackageProductDependency;
			package = FCEAAB582A59DC180048192E /* XCRemoteSwiftPackageReference "swift-openapi-urlsession" */;
			productName = OpenAPIURLSession;
		};
		FCEAAB672A59DED60048192E /* OpenAPIGenerator */ = {
			isa = XCSwiftPackageProductDependency;
			package = FCEAAB572A59DC040048192E /* XCRemoteSwiftPackageReference "swift-openapi-generator" */;
			productName = "plugin:OpenAPIGenerator";
		};
/* End XCSwiftPackageProductDependency section */
	};
	rootObject = FC5973FE2A24D38700A642D7 /* Project object */;
}
