PODS:
  - FloatingPanel (2.8.2)
  - NMapsGeometry (1.0.1)
  - NMapsMap (3.18.0):
    - NMapsGeometry
  - SwiftGen (6.6.3)

DEPENDENCIES:
  - FloatingPanel
  - NMapsMap
  - SwiftGen (~> 6.0)

SPEC REPOS:
  trunk:
    - FloatingPanel
    - NMapsGeometry
    - NMapsMap
    - SwiftGen

SPEC CHECKSUMS:
  FloatingPanel: 99b72651e5e607a6a4e0c9831e30f02d145beeb6
  NMapsGeometry: 53c573ead66466681cf123f99f698dc8071a4b83
  NMapsMap: 36dc18a1f5f315121b33fccd2398c7a702bf0fc8
  SwiftGen: 4993cbf71cbc4886f775e26f8d5c3a1188ec9f99

PODFILE CHECKSUM: d623097740946bcea683b10e60e2f6391f82493a

COCOAPODS: 1.15.2
