PODS:
  - FloatingPanel (2.6.5)
  - Sourcery/CLI-Only (2.0.2)
  - SwiftGen (6.6.2)

DEPENDENCIES:
  - FloatingPanel
  - Sourcery/CLI-Only
  - SwiftGen (~> 6.0)

SPEC REPOS:
  trunk:
    - FloatingPanel
    - Sourcery
    - SwiftGen

SPEC CHECKSUMS:
  FloatingPanel: cd924b71f05f14586260e83b3b52edbf5eb73340
  Sourcery: 9ae7eb711f830e8c3c02b98dc28fbd7e32e9d971
  SwiftGen: 1366a7f71aeef49954ca5a63ba4bef6b0f24138c

PODFILE CHECKSUM: 3defc54a80c4165e6d62ce2411b3de14325f9628

COCOAPODS: 1.12.1
